// !$*UTF8*$!
{
	archiveVersion = 1;
	classes = {
	};
	objectVersion = 50;
	objects = {

/* Begin PBXBuildFile section */
		FCA8B26B24F7406B003E0D95 /* AppDelegate.swift in Sources */ = {isa = PBXBuildFile; fileRef = FCA8B26A24F7406B003E0D95 /* AppDelegate.swift */; };
		FCA8B26D24F7406B003E0D95 /* SceneDelegate.swift in Sources */ = {isa = PBXBuildFile; fileRef = FCA8B26C24F7406B003E0D95 /* SceneDelegate.swift */; };
		FCA8B26F24F7406B003E0D95 /* ViewController.swift in Sources */ = {isa = PBXBuildFile; fileRef = FCA8B26E24F7406B003E0D95 /* ViewController.swift */; };
		FCA8B27224F7406C003E0D95 /* Main.storyboard in Resources */ = {isa = PBXBuildFile; fileRef = FCA8B27024F7406C003E0D95 /* Main.storyboard */; };
		FCA8B27524F7406C003E0D95 /* pControlMapView.xcdatamodeld in Sources */ = {isa = PBXBuildFile; fileRef = FCA8B27324F7406C003E0D95 /* pControlMapView.xcdatamodeld */; };
		FCA8B27724F74083003E0D95 /* Assets.xcassets in Resources */ = {isa = PBXBuildFile; fileRef = FCA8B27624F74083003E0D95 /* Assets.xcassets */; };
		FCA8B27A24F74083003E0D95 /* LaunchScreen.storyboard in Resources */ = {isa = PBXBuildFile; fileRef = FCA8B27824F74083003E0D95 /* LaunchScreen.storyboard */; };
/* End PBXBuildFile section */

/* Begin PBXFileReference section */
		FCA8B26724F7406B003E0D95 /* pControlMapView.app */ = {isa = PBXFileReference; explicitFileType = wrapper.application; includeInIndex = 0; path = pControlMapView.app; sourceTree = BUILT_PRODUCTS_DIR; };
		FCA8B26A24F7406B003E0D95 /* AppDelegate.swift */ = {isa = PBXFileReference; lastKnownFileType = sourcecode.swift; path = AppDelegate.swift; sourceTree = "<group>"; };
		FCA8B26C24F7406B003E0D95 /* SceneDelegate.swift */ = {isa = PBXFileReference; lastKnownFileType = sourcecode.swift; path = SceneDelegate.swift; sourceTree = "<group>"; };
		FCA8B26E24F7406B003E0D95 /* ViewController.swift */ = {isa = PBXFileReference; lastKnownFileType = sourcecode.swift; path = ViewController.swift; sourceTree = "<group>"; };
		FCA8B27124F7406C003E0D95 /* Base */ = {isa = PBXFileReference; lastKnownFileType = file.storyboard; name = Base; path = Base.lproj/Main.storyboard; sourceTree = "<group>"; };
		FCA8B27424F7406C003E0D95 /* pControlMapView.xcdatamodel */ = {isa = PBXFileReference; lastKnownFileType = wrapper.xcdatamodel; path = pControlMapView.xcdatamodel; sourceTree = "<group>"; };
		FCA8B27624F74083003E0D95 /* Assets.xcassets */ = {isa = PBXFileReference; lastKnownFileType = folder.assetcatalog; path = Assets.xcassets; sourceTree = "<group>"; };
		FCA8B27924F74083003E0D95 /* Base */ = {isa = PBXFileReference; lastKnownFileType = file.storyboard; name = Base; path = Base.lproj/LaunchScreen.storyboard; sourceTree = "<group>"; };
		FCA8B27B24F74083003E0D95 /* Info.plist */ = {isa = PBXFileReference; lastKnownFileType = text.plist.xml; path = Info.plist; sourceTree = "<group>"; };
/* End PBXFileReference section */

/* Begin PBXFrameworksBuildPhase section */
		FCA8B26424F7406B003E0D95 /* Frameworks */ = {
			isa = PBXFrameworksBuildPhase;
			buildActionMask = 2147483647;
			files = (
			);
			runOnlyForDeploymentPostprocessing = 0;
		};
/* End PBXFrameworksBuildPhase section */

/* Begin PBXGroup section */
		FCA8B25E24F7406A003E0D95 = {
			isa = PBXGroup;
			children = (
				FCA8B26924F7406B003E0D95 /* pControlMapView */,
				FCA8B26824F7406B003E0D95 /* Products */,
			);
			sourceTree = "<group>";
		};
		FCA8B26824F7406B003E0D95 /* Products */ = {
			isa = PBXGroup;
			children = (
				FCA8B26724F7406B003E0D95 /* pControlMapView.app */,
			);
			name = Products;
			sourceTree = "<group>";
		};
		FCA8B26924F7406B003E0D95 /* pControlMapView */ = {
			isa = PBXGroup;
			children = (
				FCA8B26A24F7406B003E0D95 /* AppDelegate.swift */,
				FCA8B26C24F7406B003E0D95 /* SceneDelegate.swift */,
				FCA8B26E24F7406B003E0D95 /* ViewController.swift */,
				FCA8B27024F7406C003E0D95 /* Main.storyboard */,
				FCA8B27624F74083003E0D95 /* Assets.xcassets */,
				FCA8B27824F74083003E0D95 /* LaunchScreen.storyboard */,
				FCA8B27B24F74083003E0D95 /* Info.plist */,
				FCA8B27324F7406C003E0D95 /* pControlMapView.xcdatamodeld */,
			);
			path = pControlMapView;
			sourceTree = "<group>";
		};
/* End PBXGroup section */

/* Begin PBXNativeTarget section */
		FCA8B26624F7406B003E0D95 /* pControlMapView */ = {
			isa = PBXNativeTarget;
			buildConfigurationList = FCA8B27E24F74083003E0D95 /* Build configuration list for PBXNativeTarget "pControlMapView" */;
			buildPhases = (
				FCA8B26324F7406B003E0D95 /* Sources */,
				FCA8B26424F7406B003E0D95 /* Frameworks */,
				FCA8B26524F7406B003E0D95 /* Resources */,
			);
			buildRules = (
			);
			dependencies = (
			);
			name = pControlMapView;
			productName = pControlMapView;
			productReference = FCA8B26724F7406B003E0D95 /* pControlMapView.app */;
			productType = "com.apple.product-type.application";
		};
/* End PBXNativeTarget section */

/* Begin PBXProject section */
		FCA8B25F24F7406A003E0D95 /* Project object */ = {
			isa = PBXProject;
			attributes = {
				LastSwiftUpdateCheck = 1130;
				LastUpgradeCheck = 1130;
				ORGANIZATIONNAME = ZZEUNG;
				TargetAttributes = {
					FCA8B26624F7406B003E0D95 = {
						CreatedOnToolsVersion = 11.3.1;
					};
				};
			};
			buildConfigurationList = FCA8B26224F7406A003E0D95 /* Build configuration list for PBXProject "pControlMapView" */;
			compatibilityVersion = "Xcode 9.3";
			developmentRegion = en;
			hasScannedForEncodings = 0;
			knownRegions = (
				en,
				Base,
			);
			mainGroup = FCA8B25E24F7406A003E0D95;
			productRefGroup = FCA8B26824F7406B003E0D95 /* Products */;
			projectDirPath = "";
			projectRoot = "";
			targets = (
				FCA8B26624F7406B003E0D95 /* pControlMapView */,
			);
		};
/* End PBXProject section */

/* Begin PBXResourcesBuildPhase section */
		FCA8B26524F7406B003E0D95 /* Resources */ = {
			isa = PBXResourcesBuildPhase;
			buildActionMask = 2147483647;
			files = (
				FCA8B27A24F74083003E0D95 /* LaunchScreen.storyboard in Resources */,
				FCA8B27724F74083003E0D95 /* Assets.xcassets in Resources */,
				FCA8B27224F7406C003E0D95 /* Main.storyboard in Resources */,
			);
			runOnlyForDeploymentPostprocessing = 0;
		};
/* End PBXResourcesBuildPhase section */

/* Begin PBXSourcesBuildPhase section */
		FCA8B26324F7406B003E0D95 /* Sources */ = {
			isa = PBXSourcesBuildPhase;
			buildActionMask = 2147483647;
			files = (
				FCA8B26F24F7406B003E0D95 /* ViewController.swift in Sources */,
				FCA8B26B24F7406B003E0D95 /* AppDelegate.swift in Sources */,
				FCA8B27524F7406C003E0D95 /* pControlMapView.xcdatamodeld in Sources */,
				FCA8B26D24F7406B003E0D95 /* SceneDelegate.swift in Sources */,
			);
			runOnlyForDeploymentPostprocessing = 0;
		};
/* End PBXSourcesBuildPhase section */

/* Begin PBXVariantGroup section */
		FCA8B27024F7406C003E0D95 /* Main.storyboard */ = {
			isa = PBXVariantGroup;
			children = (
				FCA8B27124F7406C003E0D95 /* Base */,
			);
			name = Main.storyboard;
			sourceTree = "<group>";
		};
		FCA8B27824F74083003E0D95 /* LaunchScreen.storyboard */ = {
			isa = PBXVariantGroup;
			children = (
				FCA8B27924F74083003E0D95 /* Base */,
			);
			name = LaunchScreen.storyboard;
			sourceTree = "<group>";
		};
/* End PBXVariantGroup section */

/* Begin XCBuildConfiguration section */
		FCA8B27C24F74083003E0D95 /* Debug */ = {
			isa = XCBuildConfiguration;
			buildSettings = {
				ALWAYS_SEARCH_USER_PATHS = NO;
				CLANG_ANALYZER_NONNULL = YES;
				CLANG_ANALYZER_NUMBER_OBJECT_CONVERSION = YES_AGGRESSIVE;
				CLANG_CXX_LANGUAGE_STANDARD = "gnu++14";
				CLANG_CXX_LIBRARY = "libc++";
				CLANG_ENABLE_MODULES = YES;
				CLANG_ENABLE_OBJC_ARC = YES;
				CLANG_ENABLE_OBJC_WEAK = YES;
				CLANG_WARN_BLOCK_CAPTURE_AUTORELEASING = YES;
				CLANG_WARN_BOOL_CONVERSION = YES;
				CLANG_WARN_COMMA = YES;
				CLANG_WARN_CONSTANT_CONVERSION = YES;
				CLANG_WARN_DEPRECATED_OBJC_IMPLEMENTATIONS = YES;
				CLANG_WARN_DIRECT_OBJC_ISA_USAGE = YES_ERROR;
				CLANG_WARN_DOCUMENTATION_COMMENTS = YES;
				CLANG_WARN_EMPTY_BODY = YES;
				CLANG_WARN_ENUM_CONVERSION = YES;
				CLANG_WARN_INFINITE_RECURSION = YES;
				CLANG_WARN_INT_CONVERSION = YES;
				CLANG_WARN_NON_LITERAL_NULL_CONVERSION = YES;
				CLANG_WARN_OBJC_IMPLICIT_RETAIN_SELF = YES;
				CLANG_WARN_OBJC_LITERAL_CONVERSION = YES;
				CLANG_WARN_OBJC_ROOT_CLASS = YES_ERROR;
				CLANG_WARN_RANGE_LOOP_ANALYSIS = YES;
				CLANG_WARN_STRICT_PROTOTYPES = YES;
				CLANG_WARN_SUSPICIOUS_MOVE = YES;
				CLANG_WARN_UNGUARDED_AVAILABILITY = YES_AGGRESSIVE;
				CLANG_WARN_UNREACHABLE_CODE = YES;
				CLANG_WARN__DUPLICATE_METHOD_MATCH = YES;
				COPY_PHASE_STRIP = NO;
				DEBUG_INFORMATION_FORMAT = dwarf;
				ENABLE_STRICT_OBJC_MSGSEND = YES;
				ENABLE_TESTABILITY = YES;
				GCC_C_LANGUAGE_STANDARD = gnu11;
				GCC_DYNAMIC_NO_PIC = NO;
				GCC_NO_COMMON_BLOCKS = YES;
				GCC_OPTIMIZATION_LEVEL = 0;
				GCC_PREPROCESSOR_DEFINITIONS = (
					"DEBUG=1",
					"$(inherited)",
				);
				GCC_WARN_64_TO_32_BIT_CONVERSION = YES;
				GCC_WARN_ABOUT_RETURN_TYPE = YES_ERROR;
				GCC_WARN_UNDECLARED_SELECTOR = YES;
				GCC_WARN_UNINITIALIZED_AUTOS = YES_AGGRESSIVE;
				GCC_WARN_UNUSED_FUNCTION = YES;
				GCC_WARN_UNUSED_VARIABLE = YES;
				IPHONEOS_DEPLOYMENT_TARGET = 13.2;
				MTL_ENABLE_DEBUG_INFO = INCLUDE_SOURCE;
				MTL_FAST_MATH = YES;
				ONLY_ACTIVE_ARCH = YES;
				SDKROOT = iphoneos;
				SWIFT_ACTIVE_COMPILATION_CONDITIONS = DEBUG;
				SWIFT_OPTIMIZATION_LEVEL = "-Onone";
			};
			name = Debug;
		};
		FCA8B27D24F74083003E0D95 /* Release */ = {
			isa = XCBuildConfiguration;
			buildSettings = {
				ALWAYS_SEARCH_USER_PATHS = NO;
				CLANG_ANALYZER_NONNULL = YES;
				CLANG_ANALYZER_NUMBER_OBJECT_CONVERSION = YES_AGGRESSIVE;
				CLANG_CXX_LANGUAGE_STANDARD = "gnu++14";
				CLANG_CXX_LIBRARY = "libc++";
				CLANG_ENABLE_MODULES = YES;
				CLANG_ENABLE_OBJC_ARC = YES;
				CLANG_ENABLE_OBJC_WEAK = YES;
				CLANG_WARN_BLOCK_CAPTURE_AUTORELEASING = YES;
				CLANG_WARN_BOOL_CONVERSION = YES;
				CLANG_WARN_COMMA = YES;
				CLANG_WARN_CONSTANT_CONVERSION = YES;
				CLANG_WARN_DEPRECATED_OBJC_IMPLEMENTATIONS = YES;
				CLANG_WARN_DIRECT_OBJC_ISA_USAGE = YES_ERROR;
				CLANG_WARN_DOCUMENTATION_COMMENTS = YES;
				CLANG_WARN_EMPTY_BODY = YES;
				CLANG_WARN_ENUM_CONVERSION = YES;
				CLANG_WARN_INFINITE_RECURSION = YES;
				CLANG_WARN_INT_CONVERSION = YES;
				CLANG_WARN_NON_LITERAL_NULL_CONVERSION = YES;
				CLANG_WARN_OBJC_IMPLICIT_RETAIN_SELF = YES;
				CLANG_WARN_OBJC_LITERAL_CONVERSION = YES;
				CLANG_WARN_OBJC_ROOT_CLASS = YES_ERROR;
				CLANG_WARN_RANGE_LOOP_ANALYSIS = YES;
				CLANG_WARN_STRICT_PROTOTYPES = YES;
				CLANG_WARN_SUSPICIOUS_MOVE = YES;
				CLANG_WARN_UNGUARDED_AVAILABILITY = YES_AGGRESSIVE;
				CLANG_WARN_UNREACHABLE_CODE = YES;
				CLANG_WARN__DUPLICATE_METHOD_MATCH = YES;
				COPY_PHASE_STRIP = NO;
				DEBUG_INFORMATION_FORMAT = "dwarf-with-dsym";
				ENABLE_NS_ASSERTIONS = NO;
				ENABLE_STRICT_OBJC_MSGSEND = YES;
				GCC_C_LANGUAGE_STANDARD = gnu11;
				GCC_NO_COMMON_BLOCKS = YES;
				GCC_WARN_64_TO_32_BIT_CONVERSION = YES;
				GCC_WARN_ABOUT_RETURN_TYPE = YES_ERROR;
				GCC_WARN_UNDECLARED_SELECTOR = YES;
				GCC_WARN_UNINITIALIZED_AUTOS = YES_AGGRESSIVE;
				GCC_WARN_UNUSED_FUNCTION = YES;
				GCC_WARN_UNUSED_VARIABLE = YES;
				IPHONEOS_DEPLOYMENT_TARGET = 13.2;
				MTL_ENABLE_DEBUG_INFO = NO;
				MTL_FAST_MATH = YES;
				SDKROOT = iphoneos;
				SWIFT_COMPILATION_MODE = wholemodule;
				SWIFT_OPTIMIZATION_LEVEL = "-O";
				VALIDATE_PRODUCT = YES;
			};
			name = Release;
		};
		FCA8B27F24F74083003E0D95 /* Debug */ = {
			isa = XCBuildConfiguration;
			buildSettings = {
				ASSETCATALOG_COMPILER_APPICON_NAME = AppIcon;
				CODE_SIGN_STYLE = Automatic;
				INFOPLIST_FILE = pControlMapView/Info.plist;
				LD_RUNPATH_SEARCH_PATHS = (
					"$(inherited)",
					"@executable_path/Frameworks",
				);
				PRODUCT_BUNDLE_IDENTIFIER = com.tj.pControlMapView;
				PRODUCT_NAME = "$(TARGET_NAME)";
				SWIFT_VERSION = 5.0;
				TARGETED_DEVICE_FAMILY = "1,2";
			};
			name = Debug;
		};
		FCA8B28024F74083003E0D95 /* Release */ = {
			isa = XCBuildConfiguration;
			buildSettings = {
				ASSETCATALOG_COMPILER_APPICON_NAME = AppIcon;
				CODE_SIGN_STYLE = Automatic;
				INFOPLIST_FILE = pControlMapView/Info.plist;
				LD_RUNPATH_SEARCH_PATHS = (
					"$(inherited)",
					"@executable_path/Frameworks",
				);
				PRODUCT_BUNDLE_IDENTIFIER = com.tj.pControlMapView;
				PRODUCT_NAME = "$(TARGET_NAME)";
				SWIFT_VERSION = 5.0;
				TARGETED_DEVICE_FAMILY = "1,2";
			};
			name = Release;
		};
/* End XCBuildConfiguration section */

/* Begin XCConfigurationList section */
		FCA8B26224F7406A003E0D95 /* Build configuration list for PBXProject "pControlMapView" */ = {
			isa = XCConfigurationList;
			buildConfigurations = (
				FCA8B27C24F74083003E0D95 /* Debug */,
				FCA8B27D24F74083003E0D95 /* Release */,
			);
			defaultConfigurationIsVisible = 0;
			defaultConfigurationName = Release;
		};
		FCA8B27E24F74083003E0D95 /* Build configuration list for PBXNativeTarget "pControlMapView" */ = {
			isa = XCConfigurationList;
			buildConfigurations = (
				FCA8B27F24F74083003E0D95 /* Debug */,
				FCA8B28024F74083003E0D95 /* Release */,
			);
			defaultConfigurationIsVisible = 0;
			defaultConfigurationName = Release;
		};
/* End XCConfigurationList section */

/* Begin XCVersionGroup section */
		FCA8B27324F7406C003E0D95 /* pControlMapView.xcdatamodeld */ = {
			isa = XCVersionGroup;
			children = (
				FCA8B27424F7406C003E0D95 /* pControlMapView.xcdatamodel */,
			);
			currentVersion = FCA8B27424F7406C003E0D95 /* pControlMapView.xcdatamodel */;
			path = pControlMapView.xcdatamodeld;
			sourceTree = "<group>";
			versionGroupType = wrapper.xcdatamodel;
		};
/* End XCVersionGroup section */
	};
	rootObject = FCA8B25F24F7406A003E0D95 /* Project object */;
}
