// !$*UTF8*$!
{
	archiveVersion = 1;
	classes = {
	};
	objectVersion = 50;
	objects = {

/* Begin PBXBuildFile section */
		3022F0DD24FC992100CE7C08 /* AppDelegate.swift in Sources */ = {isa = PBXBuildFile; fileRef = 3022F0DC24FC992100CE7C08 /* AppDelegate.swift */; };
		3022F0DF24FC992100CE7C08 /* SceneDelegate.swift in Sources */ = {isa = PBXBuildFile; fileRef = 3022F0DE24FC992100CE7C08 /* SceneDelegate.swift */; };
		3022F0E424FC992100CE7C08 /* Main.storyboard in Resources */ = {isa = PBXBuildFile; fileRef = 3022F0E224FC992100CE7C08 /* Main.storyboard */; };
		3022F0E724FC992100CE7C08 /* TableCtrlImage.xcdatamodeld in Sources */ = {isa = PBXBuildFile; fileRef = 3022F0E524FC992100CE7C08 /* TableCtrlImage.xcdatamodeld */; };
		3022F0E924FC992300CE7C08 /* Assets.xcassets in Resources */ = {isa = PBXBuildFile; fileRef = 3022F0E824FC992300CE7C08 /* Assets.xcassets */; };
		3022F0EC24FC992300CE7C08 /* LaunchScreen.storyboard in Resources */ = {isa = PBXBuildFile; fileRef = 3022F0EA24FC992300CE7C08 /* LaunchScreen.storyboard */; };
		3022F0F424FC9B4200CE7C08 /* TableViewController.swift in Sources */ = {isa = PBXBuildFile; fileRef = 3022F0F324FC9B4200CE7C08 /* TableViewController.swift */; };
		3022F0F624FC9B6100CE7C08 /* AddViewController.swift in Sources */ = {isa = PBXBuildFile; fileRef = 3022F0F524FC9B6100CE7C08 /* AddViewController.swift */; };
		3022F0F824FC9BF500CE7C08 /* DatailViewController.swift in Sources */ = {isa = PBXBuildFile; fileRef = 3022F0F724FC9BF500CE7C08 /* DatailViewController.swift */; };
		3022F0FC24FCA14900CE7C08 /* cart.png in Resources */ = {isa = PBXBuildFile; fileRef = 3022F0F924FCA14900CE7C08 /* cart.png */; };
		3022F0FD24FCA14900CE7C08 /* pencil.png in Resources */ = {isa = PBXBuildFile; fileRef = 3022F0FA24FCA14900CE7C08 /* pencil.png */; };
		3022F0FE24FCA14900CE7C08 /* clock.png in Resources */ = {isa = PBXBuildFile; fileRef = 3022F0FB24FCA14900CE7C08 /* clock.png */; };
/* End PBXBuildFile section */

/* Begin PBXFileReference section */
		3022F0D924FC992100CE7C08 /* TableCtrlImage.app */ = {isa = PBXFileReference; explicitFileType = wrapper.application; includeInIndex = 0; path = TableCtrlImage.app; sourceTree = BUILT_PRODUCTS_DIR; };
		3022F0DC24FC992100CE7C08 /* AppDelegate.swift */ = {isa = PBXFileReference; lastKnownFileType = sourcecode.swift; path = AppDelegate.swift; sourceTree = "<group>"; };
		3022F0DE24FC992100CE7C08 /* SceneDelegate.swift */ = {isa = PBXFileReference; lastKnownFileType = sourcecode.swift; path = SceneDelegate.swift; sourceTree = "<group>"; };
		3022F0E324FC992100CE7C08 /* Base */ = {isa = PBXFileReference; lastKnownFileType = file.storyboard; name = Base; path = Base.lproj/Main.storyboard; sourceTree = "<group>"; };
		3022F0E624FC992100CE7C08 /* TableCtrlImage.xcdatamodel */ = {isa = PBXFileReference; lastKnownFileType = wrapper.xcdatamodel; path = TableCtrlImage.xcdatamodel; sourceTree = "<group>"; };
		3022F0E824FC992300CE7C08 /* Assets.xcassets */ = {isa = PBXFileReference; lastKnownFileType = folder.assetcatalog; path = Assets.xcassets; sourceTree = "<group>"; };
		3022F0EB24FC992300CE7C08 /* Base */ = {isa = PBXFileReference; lastKnownFileType = file.storyboard; name = Base; path = Base.lproj/LaunchScreen.storyboard; sourceTree = "<group>"; };
		3022F0ED24FC992300CE7C08 /* Info.plist */ = {isa = PBXFileReference; lastKnownFileType = text.plist.xml; path = Info.plist; sourceTree = "<group>"; };
		3022F0F324FC9B4200CE7C08 /* TableViewController.swift */ = {isa = PBXFileReference; lastKnownFileType = sourcecode.swift; path = TableViewController.swift; sourceTree = "<group>"; };
		3022F0F524FC9B6100CE7C08 /* AddViewController.swift */ = {isa = PBXFileReference; lastKnownFileType = sourcecode.swift; path = AddViewController.swift; sourceTree = "<group>"; };
		3022F0F724FC9BF500CE7C08 /* DatailViewController.swift */ = {isa = PBXFileReference; lastKnownFileType = sourcecode.swift; path = DatailViewController.swift; sourceTree = "<group>"; };
		3022F0F924FCA14900CE7C08 /* cart.png */ = {isa = PBXFileReference; lastKnownFileType = image.png; name = cart.png; path = ../../Table/Table/cart.png; sourceTree = "<group>"; };
		3022F0FA24FCA14900CE7C08 /* pencil.png */ = {isa = PBXFileReference; lastKnownFileType = image.png; name = pencil.png; path = ../../Table/Table/pencil.png; sourceTree = "<group>"; };
		3022F0FB24FCA14900CE7C08 /* clock.png */ = {isa = PBXFileReference; lastKnownFileType = image.png; name = clock.png; path = ../../Table/Table/clock.png; sourceTree = "<group>"; };
/* End PBXFileReference section */

/* Begin PBXFrameworksBuildPhase section */
		3022F0D624FC992100CE7C08 /* Frameworks */ = {
			isa = PBXFrameworksBuildPhase;
			buildActionMask = 2147483647;
			files = (
			);
			runOnlyForDeploymentPostprocessing = 0;
		};
/* End PBXFrameworksBuildPhase section */

/* Begin PBXGroup section */
		3022F0D024FC992100CE7C08 = {
			isa = PBXGroup;
			children = (
				3022F0DB24FC992100CE7C08 /* TableCtrlImage */,
				3022F0DA24FC992100CE7C08 /* Products */,
			);
			sourceTree = "<group>";
		};
		3022F0DA24FC992100CE7C08 /* Products */ = {
			isa = PBXGroup;
			children = (
				3022F0D924FC992100CE7C08 /* TableCtrlImage.app */,
			);
			name = Products;
			sourceTree = "<group>";
		};
		3022F0DB24FC992100CE7C08 /* TableCtrlImage */ = {
			isa = PBXGroup;
			children = (
				3022F0F924FCA14900CE7C08 /* cart.png */,
				3022F0FB24FCA14900CE7C08 /* clock.png */,
				3022F0FA24FCA14900CE7C08 /* pencil.png */,
				3022F0DC24FC992100CE7C08 /* AppDelegate.swift */,
				3022F0DE24FC992100CE7C08 /* SceneDelegate.swift */,
				3022F0E224FC992100CE7C08 /* Main.storyboard */,
				3022F0E824FC992300CE7C08 /* Assets.xcassets */,
				3022F0EA24FC992300CE7C08 /* LaunchScreen.storyboard */,
				3022F0ED24FC992300CE7C08 /* Info.plist */,
				3022F0E524FC992100CE7C08 /* TableCtrlImage.xcdatamodeld */,
				3022F0F324FC9B4200CE7C08 /* TableViewController.swift */,
				3022F0F524FC9B6100CE7C08 /* AddViewController.swift */,
				3022F0F724FC9BF500CE7C08 /* DatailViewController.swift */,
			);
			path = TableCtrlImage;
			sourceTree = "<group>";
		};
/* End PBXGroup section */

/* Begin PBXNativeTarget section */
		3022F0D824FC992100CE7C08 /* TableCtrlImage */ = {
			isa = PBXNativeTarget;
			buildConfigurationList = 3022F0F024FC992300CE7C08 /* Build configuration list for PBXNativeTarget "TableCtrlImage" */;
			buildPhases = (
				3022F0D524FC992100CE7C08 /* Sources */,
				3022F0D624FC992100CE7C08 /* Frameworks */,
				3022F0D724FC992100CE7C08 /* Resources */,
			);
			buildRules = (
			);
			dependencies = (
			);
			name = TableCtrlImage;
			productName = TableCtrlImage;
			productReference = 3022F0D924FC992100CE7C08 /* TableCtrlImage.app */;
			productType = "com.apple.product-type.application";
		};
/* End PBXNativeTarget section */

/* Begin PBXProject section */
		3022F0D124FC992100CE7C08 /* Project object */ = {
			isa = PBXProject;
			attributes = {
				LastSwiftUpdateCheck = 1160;
				LastUpgradeCheck = 1160;
				ORGANIZATIONNAME = "김승희";
				TargetAttributes = {
					3022F0D824FC992100CE7C08 = {
						CreatedOnToolsVersion = 11.6;
					};
				};
			};
			buildConfigurationList = 3022F0D424FC992100CE7C08 /* Build configuration list for PBXProject "TableCtrlImage" */;
			compatibilityVersion = "Xcode 9.3";
			developmentRegion = en;
			hasScannedForEncodings = 0;
			knownRegions = (
				en,
				Base,
			);
			mainGroup = 3022F0D024FC992100CE7C08;
			productRefGroup = 3022F0DA24FC992100CE7C08 /* Products */;
			projectDirPath = "";
			projectRoot = "";
			targets = (
				3022F0D824FC992100CE7C08 /* TableCtrlImage */,
			);
		};
/* End PBXProject section */

/* Begin PBXResourcesBuildPhase section */
		3022F0D724FC992100CE7C08 /* Resources */ = {
			isa = PBXResourcesBuildPhase;
			buildActionMask = 2147483647;
			files = (
				3022F0FE24FCA14900CE7C08 /* clock.png in Resources */,
				3022F0FD24FCA14900CE7C08 /* pencil.png in Resources */,
				3022F0EC24FC992300CE7C08 /* LaunchScreen.storyboard in Resources */,
				3022F0FC24FCA14900CE7C08 /* cart.png in Resources */,
				3022F0E924FC992300CE7C08 /* Assets.xcassets in Resources */,
				3022F0E424FC992100CE7C08 /* Main.storyboard in Resources */,
			);
			runOnlyForDeploymentPostprocessing = 0;
		};
/* End PBXResourcesBuildPhase section */

/* Begin PBXSourcesBuildPhase section */
		3022F0D524FC992100CE7C08 /* Sources */ = {
			isa = PBXSourcesBuildPhase;
			buildActionMask = 2147483647;
			files = (
				3022F0F624FC9B6100CE7C08 /* AddViewController.swift in Sources */,
				3022F0DD24FC992100CE7C08 /* AppDelegate.swift in Sources */,
				3022F0DF24FC992100CE7C08 /* SceneDelegate.swift in Sources */,
				3022F0F824FC9BF500CE7C08 /* DatailViewController.swift in Sources */,
				3022F0E724FC992100CE7C08 /* TableCtrlImage.xcdatamodeld in Sources */,
				3022F0F424FC9B4200CE7C08 /* TableViewController.swift in Sources */,
			);
			runOnlyForDeploymentPostprocessing = 0;
		};
/* End PBXSourcesBuildPhase section */

/* Begin PBXVariantGroup section */
		3022F0E224FC992100CE7C08 /* Main.storyboard */ = {
			isa = PBXVariantGroup;
			children = (
				3022F0E324FC992100CE7C08 /* Base */,
			);
			name = Main.storyboard;
			sourceTree = "<group>";
		};
		3022F0EA24FC992300CE7C08 /* LaunchScreen.storyboard */ = {
			isa = PBXVariantGroup;
			children = (
				3022F0EB24FC992300CE7C08 /* Base */,
			);
			name = LaunchScreen.storyboard;
			sourceTree = "<group>";
		};
/* End PBXVariantGroup section */

/* Begin XCBuildConfiguration section */
		3022F0EE24FC992300CE7C08 /* Debug */ = {
			isa = XCBuildConfiguration;
			buildSettings = {
				ALWAYS_SEARCH_USER_PATHS = NO;
				CLANG_ANALYZER_NONNULL = YES;
				CLANG_ANALYZER_NUMBER_OBJECT_CONVERSION = YES_AGGRESSIVE;
				CLANG_CXX_LANGUAGE_STANDARD = "gnu++14";
				CLANG_CXX_LIBRARY = "libc++";
				CLANG_ENABLE_MODULES = YES;
				CLANG_ENABLE_OBJC_ARC = YES;
				CLANG_ENABLE_OBJC_WEAK = YES;
				CLANG_WARN_BLOCK_CAPTURE_AUTORELEASING = YES;
				CLANG_WARN_BOOL_CONVERSION = YES;
				CLANG_WARN_COMMA = YES;
				CLANG_WARN_CONSTANT_CONVERSION = YES;
				CLANG_WARN_DEPRECATED_OBJC_IMPLEMENTATIONS = YES;
				CLANG_WARN_DIRECT_OBJC_ISA_USAGE = YES_ERROR;
				CLANG_WARN_DOCUMENTATION_COMMENTS = YES;
				CLANG_WARN_EMPTY_BODY = YES;
				CLANG_WARN_ENUM_CONVERSION = YES;
				CLANG_WARN_INFINITE_RECURSION = YES;
				CLANG_WARN_INT_CONVERSION = YES;
				CLANG_WARN_NON_LITERAL_NULL_CONVERSION = YES;
				CLANG_WARN_OBJC_IMPLICIT_RETAIN_SELF = YES;
				CLANG_WARN_OBJC_LITERAL_CONVERSION = YES;
				CLANG_WARN_OBJC_ROOT_CLASS = YES_ERROR;
				CLANG_WARN_RANGE_LOOP_ANALYSIS = YES;
				CLANG_WARN_STRICT_PROTOTYPES = YES;
				CLANG_WARN_SUSPICIOUS_MOVE = YES;
				CLANG_WARN_UNGUARDED_AVAILABILITY = YES_AGGRESSIVE;
				CLANG_WARN_UNREACHABLE_CODE = YES;
				CLANG_WARN__DUPLICATE_METHOD_MATCH = YES;
				COPY_PHASE_STRIP = NO;
				DEBUG_INFORMATION_FORMAT = dwarf;
				ENABLE_STRICT_OBJC_MSGSEND = YES;
				ENABLE_TESTABILITY = YES;
				GCC_C_LANGUAGE_STANDARD = gnu11;
				GCC_DYNAMIC_NO_PIC = NO;
				GCC_NO_COMMON_BLOCKS = YES;
				GCC_OPTIMIZATION_LEVEL = 0;
				GCC_PREPROCESSOR_DEFINITIONS = (
					"DEBUG=1",
					"$(inherited)",
				);
				GCC_WARN_64_TO_32_BIT_CONVERSION = YES;
				GCC_WARN_ABOUT_RETURN_TYPE = YES_ERROR;
				GCC_WARN_UNDECLARED_SELECTOR = YES;
				GCC_WARN_UNINITIALIZED_AUTOS = YES_AGGRESSIVE;
				GCC_WARN_UNUSED_FUNCTION = YES;
				GCC_WARN_UNUSED_VARIABLE = YES;
				IPHONEOS_DEPLOYMENT_TARGET = 13.6;
				MTL_ENABLE_DEBUG_INFO = INCLUDE_SOURCE;
				MTL_FAST_MATH = YES;
				ONLY_ACTIVE_ARCH = YES;
				SDKROOT = iphoneos;
				SWIFT_ACTIVE_COMPILATION_CONDITIONS = DEBUG;
				SWIFT_OPTIMIZATION_LEVEL = "-Onone";
			};
			name = Debug;
		};
		3022F0EF24FC992300CE7C08 /* Release */ = {
			isa = XCBuildConfiguration;
			buildSettings = {
				ALWAYS_SEARCH_USER_PATHS = NO;
				CLANG_ANALYZER_NONNULL = YES;
				CLANG_ANALYZER_NUMBER_OBJECT_CONVERSION = YES_AGGRESSIVE;
				CLANG_CXX_LANGUAGE_STANDARD = "gnu++14";
				CLANG_CXX_LIBRARY = "libc++";
				CLANG_ENABLE_MODULES = YES;
				CLANG_ENABLE_OBJC_ARC = YES;
				CLANG_ENABLE_OBJC_WEAK = YES;
				CLANG_WARN_BLOCK_CAPTURE_AUTORELEASING = YES;
				CLANG_WARN_BOOL_CONVERSION = YES;
				CLANG_WARN_COMMA = YES;
				CLANG_WARN_CONSTANT_CONVERSION = YES;
				CLANG_WARN_DEPRECATED_OBJC_IMPLEMENTATIONS = YES;
				CLANG_WARN_DIRECT_OBJC_ISA_USAGE = YES_ERROR;
				CLANG_WARN_DOCUMENTATION_COMMENTS = YES;
				CLANG_WARN_EMPTY_BODY = YES;
				CLANG_WARN_ENUM_CONVERSION = YES;
				CLANG_WARN_INFINITE_RECURSION = YES;
				CLANG_WARN_INT_CONVERSION = YES;
				CLANG_WARN_NON_LITERAL_NULL_CONVERSION = YES;
				CLANG_WARN_OBJC_IMPLICIT_RETAIN_SELF = YES;
				CLANG_WARN_OBJC_LITERAL_CONVERSION = YES;
				CLANG_WARN_OBJC_ROOT_CLASS = YES_ERROR;
				CLANG_WARN_RANGE_LOOP_ANALYSIS = YES;
				CLANG_WARN_STRICT_PROTOTYPES = YES;
				CLANG_WARN_SUSPICIOUS_MOVE = YES;
				CLANG_WARN_UNGUARDED_AVAILABILITY = YES_AGGRESSIVE;
				CLANG_WARN_UNREACHABLE_CODE = YES;
				CLANG_WARN__DUPLICATE_METHOD_MATCH = YES;
				COPY_PHASE_STRIP = NO;
				DEBUG_INFORMATION_FORMAT = "dwarf-with-dsym";
				ENABLE_NS_ASSERTIONS = NO;
				ENABLE_STRICT_OBJC_MSGSEND = YES;
				GCC_C_LANGUAGE_STANDARD = gnu11;
				GCC_NO_COMMON_BLOCKS = YES;
				GCC_WARN_64_TO_32_BIT_CONVERSION = YES;
				GCC_WARN_ABOUT_RETURN_TYPE = YES_ERROR;
				GCC_WARN_UNDECLARED_SELECTOR = YES;
				GCC_WARN_UNINITIALIZED_AUTOS = YES_AGGRESSIVE;
				GCC_WARN_UNUSED_FUNCTION = YES;
				GCC_WARN_UNUSED_VARIABLE = YES;
				IPHONEOS_DEPLOYMENT_TARGET = 13.6;
				MTL_ENABLE_DEBUG_INFO = NO;
				MTL_FAST_MATH = YES;
				SDKROOT = iphoneos;
				SWIFT_COMPILATION_MODE = wholemodule;
				SWIFT_OPTIMIZATION_LEVEL = "-O";
				VALIDATE_PRODUCT = YES;
			};
			name = Release;
		};
		3022F0F124FC992300CE7C08 /* Debug */ = {
			isa = XCBuildConfiguration;
			buildSettings = {
				ASSETCATALOG_COMPILER_APPICON_NAME = AppIcon;
				CODE_SIGN_STYLE = Automatic;
				INFOPLIST_FILE = TableCtrlImage/Info.plist;
				LD_RUNPATH_SEARCH_PATHS = (
					"$(inherited)",
					"@executable_path/Frameworks",
				);
				PRODUCT_BUNDLE_IDENTIFIER = SEUNGHEE.TableCtrlImage;
				PRODUCT_NAME = "$(TARGET_NAME)";
				SWIFT_VERSION = 5.0;
				TARGETED_DEVICE_FAMILY = "1,2";
			};
			name = Debug;
		};
		3022F0F224FC992300CE7C08 /* Release */ = {
			isa = XCBuildConfiguration;
			buildSettings = {
				ASSETCATALOG_COMPILER_APPICON_NAME = AppIcon;
				CODE_SIGN_STYLE = Automatic;
				INFOPLIST_FILE = TableCtrlImage/Info.plist;
				LD_RUNPATH_SEARCH_PATHS = (
					"$(inherited)",
					"@executable_path/Frameworks",
				);
				PRODUCT_BUNDLE_IDENTIFIER = SEUNGHEE.TableCtrlImage;
				PRODUCT_NAME = "$(TARGET_NAME)";
				SWIFT_VERSION = 5.0;
				TARGETED_DEVICE_FAMILY = "1,2";
			};
			name = Release;
		};
/* End XCBuildConfiguration section */

/* Begin XCConfigurationList section */
		3022F0D424FC992100CE7C08 /* Build configuration list for PBXProject "TableCtrlImage" */ = {
			isa = XCConfigurationList;
			buildConfigurations = (
				3022F0EE24FC992300CE7C08 /* Debug */,
				3022F0EF24FC992300CE7C08 /* Release */,
			);
			defaultConfigurationIsVisible = 0;
			defaultConfigurationName = Release;
		};
		3022F0F024FC992300CE7C08 /* Build configuration list for PBXNativeTarget "TableCtrlImage" */ = {
			isa = XCConfigurationList;
			buildConfigurations = (
				3022F0F124FC992300CE7C08 /* Debug */,
				3022F0F224FC992300CE7C08 /* Release */,
			);
			defaultConfigurationIsVisible = 0;
			defaultConfigurationName = Release;
		};
/* End XCConfigurationList section */

/* Begin XCVersionGroup section */
		3022F0E524FC992100CE7C08 /* TableCtrlImage.xcdatamodeld */ = {
			isa = XCVersionGroup;
			children = (
				3022F0E624FC992100CE7C08 /* TableCtrlImage.xcdatamodel */,
			);
			currentVersion = 3022F0E624FC992100CE7C08 /* TableCtrlImage.xcdatamodel */;
			path = TableCtrlImage.xcdatamodeld;
			sourceTree = "<group>";
			versionGroupType = wrapper.xcdatamodel;
		};
/* End XCVersionGroup section */
	};
	rootObject = 3022F0D124FC992100CE7C08 /* Project object */;
}
