// !$*UTF8*$!
{
	archiveVersion = 1;
	classes = {
	};
	objectVersion = 50;
	objects = {

/* Begin PBXBuildFile section */
		FC4EFD5224F4A01500E23446 /* AppDelegate.swift in Sources */ = {isa = PBXBuildFile; fileRef = FC4EFD5124F4A01500E23446 /* AppDelegate.swift */; };
		FC4EFD5424F4A01500E23446 /* SceneDelegate.swift in Sources */ = {isa = PBXBuildFile; fileRef = FC4EFD5324F4A01500E23446 /* SceneDelegate.swift */; };
		FC4EFD5624F4A01500E23446 /* ViewController.swift in Sources */ = {isa = PBXBuildFile; fileRef = FC4EFD5524F4A01500E23446 /* ViewController.swift */; };
		FC4EFD5924F4A01500E23446 /* Main.storyboard in Resources */ = {isa = PBXBuildFile; fileRef = FC4EFD5724F4A01500E23446 /* Main.storyboard */; };
		FC4EFD5C24F4A01500E23446 /* imageView.xcdatamodeld in Sources */ = {isa = PBXBuildFile; fileRef = FC4EFD5A24F4A01500E23446 /* imageView.xcdatamodeld */; };
		FC4EFD5E24F4A01D00E23446 /* Assets.xcassets in Resources */ = {isa = PBXBuildFile; fileRef = FC4EFD5D24F4A01D00E23446 /* Assets.xcassets */; };
		FC4EFD6124F4A01D00E23446 /* LaunchScreen.storyboard in Resources */ = {isa = PBXBuildFile; fileRef = FC4EFD5F24F4A01D00E23446 /* LaunchScreen.storyboard */; };
		FC4EFD6A24F4A08600E23446 /* lamp_on.png in Resources */ = {isa = PBXBuildFile; fileRef = FC4EFD6824F4A08600E23446 /* lamp_on.png */; };
		FC4EFD6B24F4A08600E23446 /* lamp_off.png in Resources */ = {isa = PBXBuildFile; fileRef = FC4EFD6924F4A08600E23446 /* lamp_off.png */; };
/* End PBXBuildFile section */

/* Begin PBXFileReference section */
		FC4EFD4E24F4A01500E23446 /* imageView.app */ = {isa = PBXFileReference; explicitFileType = wrapper.application; includeInIndex = 0; path = imageView.app; sourceTree = BUILT_PRODUCTS_DIR; };
		FC4EFD5124F4A01500E23446 /* AppDelegate.swift */ = {isa = PBXFileReference; lastKnownFileType = sourcecode.swift; path = AppDelegate.swift; sourceTree = "<group>"; };
		FC4EFD5324F4A01500E23446 /* SceneDelegate.swift */ = {isa = PBXFileReference; lastKnownFileType = sourcecode.swift; path = SceneDelegate.swift; sourceTree = "<group>"; };
		FC4EFD5524F4A01500E23446 /* ViewController.swift */ = {isa = PBXFileReference; lastKnownFileType = sourcecode.swift; path = ViewController.swift; sourceTree = "<group>"; };
		FC4EFD5824F4A01500E23446 /* Base */ = {isa = PBXFileReference; lastKnownFileType = file.storyboard; name = Base; path = Base.lproj/Main.storyboard; sourceTree = "<group>"; };
		FC4EFD5B24F4A01500E23446 /* imageView.xcdatamodel */ = {isa = PBXFileReference; lastKnownFileType = wrapper.xcdatamodel; path = imageView.xcdatamodel; sourceTree = "<group>"; };
		FC4EFD5D24F4A01D00E23446 /* Assets.xcassets */ = {isa = PBXFileReference; lastKnownFileType = folder.assetcatalog; path = Assets.xcassets; sourceTree = "<group>"; };
		FC4EFD6024F4A01D00E23446 /* Base */ = {isa = PBXFileReference; lastKnownFileType = file.storyboard; name = Base; path = Base.lproj/LaunchScreen.storyboard; sourceTree = "<group>"; };
		FC4EFD6224F4A01D00E23446 /* Info.plist */ = {isa = PBXFileReference; lastKnownFileType = text.plist.xml; path = Info.plist; sourceTree = "<group>"; };
		FC4EFD6824F4A08600E23446 /* lamp_on.png */ = {isa = PBXFileReference; lastKnownFileType = image.png; name = lamp_on.png; path = ../../../SEUNGHEE/lamp_on.png; sourceTree = "<group>"; };
		FC4EFD6924F4A08600E23446 /* lamp_off.png */ = {isa = PBXFileReference; lastKnownFileType = image.png; name = lamp_off.png; path = ../../../SEUNGHEE/lamp_off.png; sourceTree = "<group>"; };
/* End PBXFileReference section */

/* Begin PBXFrameworksBuildPhase section */
		FC4EFD4B24F4A01500E23446 /* Frameworks */ = {
			isa = PBXFrameworksBuildPhase;
			buildActionMask = 2147483647;
			files = (
			);
			runOnlyForDeploymentPostprocessing = 0;
		};
/* End PBXFrameworksBuildPhase section */

/* Begin PBXGroup section */
		FC4EFD4524F4A01500E23446 = {
			isa = PBXGroup;
			children = (
				FC4EFD5024F4A01500E23446 /* imageView */,
				FC4EFD4F24F4A01500E23446 /* Products */,
			);
			sourceTree = "<group>";
		};
		FC4EFD4F24F4A01500E23446 /* Products */ = {
			isa = PBXGroup;
			children = (
				FC4EFD4E24F4A01500E23446 /* imageView.app */,
			);
			name = Products;
			sourceTree = "<group>";
		};
		FC4EFD5024F4A01500E23446 /* imageView */ = {
			isa = PBXGroup;
			children = (
				FC4EFD6924F4A08600E23446 /* lamp_off.png */,
				FC4EFD6824F4A08600E23446 /* lamp_on.png */,
				FC4EFD5124F4A01500E23446 /* AppDelegate.swift */,
				FC4EFD5324F4A01500E23446 /* SceneDelegate.swift */,
				FC4EFD5524F4A01500E23446 /* ViewController.swift */,
				FC4EFD5724F4A01500E23446 /* Main.storyboard */,
				FC4EFD5D24F4A01D00E23446 /* Assets.xcassets */,
				FC4EFD5F24F4A01D00E23446 /* LaunchScreen.storyboard */,
				FC4EFD6224F4A01D00E23446 /* Info.plist */,
				FC4EFD5A24F4A01500E23446 /* imageView.xcdatamodeld */,
			);
			path = imageView;
			sourceTree = "<group>";
		};
/* End PBXGroup section */

/* Begin PBXNativeTarget section */
		FC4EFD4D24F4A01500E23446 /* imageView */ = {
			isa = PBXNativeTarget;
			buildConfigurationList = FC4EFD6524F4A01D00E23446 /* Build configuration list for PBXNativeTarget "imageView" */;
			buildPhases = (
				FC4EFD4A24F4A01500E23446 /* Sources */,
				FC4EFD4B24F4A01500E23446 /* Frameworks */,
				FC4EFD4C24F4A01500E23446 /* Resources */,
			);
			buildRules = (
			);
			dependencies = (
			);
			name = imageView;
			productName = imageView;
			productReference = FC4EFD4E24F4A01500E23446 /* imageView.app */;
			productType = "com.apple.product-type.application";
		};
/* End PBXNativeTarget section */

/* Begin PBXProject section */
		FC4EFD4624F4A01500E23446 /* Project object */ = {
			isa = PBXProject;
			attributes = {
				LastSwiftUpdateCheck = 1130;
				LastUpgradeCheck = 1130;
				ORGANIZATIONNAME = ZZEUNG;
				TargetAttributes = {
					FC4EFD4D24F4A01500E23446 = {
						CreatedOnToolsVersion = 11.3.1;
					};
				};
			};
			buildConfigurationList = FC4EFD4924F4A01500E23446 /* Build configuration list for PBXProject "imageView" */;
			compatibilityVersion = "Xcode 9.3";
			developmentRegion = en;
			hasScannedForEncodings = 0;
			knownRegions = (
				en,
				Base,
			);
			mainGroup = FC4EFD4524F4A01500E23446;
			productRefGroup = FC4EFD4F24F4A01500E23446 /* Products */;
			projectDirPath = "";
			projectRoot = "";
			targets = (
				FC4EFD4D24F4A01500E23446 /* imageView */,
			);
		};
/* End PBXProject section */

/* Begin PBXResourcesBuildPhase section */
		FC4EFD4C24F4A01500E23446 /* Resources */ = {
			isa = PBXResourcesBuildPhase;
			buildActionMask = 2147483647;
			files = (
				FC4EFD6A24F4A08600E23446 /* lamp_on.png in Resources */,
				FC4EFD6124F4A01D00E23446 /* LaunchScreen.storyboard in Resources */,
				FC4EFD6B24F4A08600E23446 /* lamp_off.png in Resources */,
				FC4EFD5E24F4A01D00E23446 /* Assets.xcassets in Resources */,
				FC4EFD5924F4A01500E23446 /* Main.storyboard in Resources */,
			);
			runOnlyForDeploymentPostprocessing = 0;
		};
/* End PBXResourcesBuildPhase section */

/* Begin PBXSourcesBuildPhase section */
		FC4EFD4A24F4A01500E23446 /* Sources */ = {
			isa = PBXSourcesBuildPhase;
			buildActionMask = 2147483647;
			files = (
				FC4EFD5C24F4A01500E23446 /* imageView.xcdatamodeld in Sources */,
				FC4EFD5624F4A01500E23446 /* ViewController.swift in Sources */,
				FC4EFD5224F4A01500E23446 /* AppDelegate.swift in Sources */,
				FC4EFD5424F4A01500E23446 /* SceneDelegate.swift in Sources */,
			);
			runOnlyForDeploymentPostprocessing = 0;
		};
/* End PBXSourcesBuildPhase section */

/* Begin PBXVariantGroup section */
		FC4EFD5724F4A01500E23446 /* Main.storyboard */ = {
			isa = PBXVariantGroup;
			children = (
				FC4EFD5824F4A01500E23446 /* Base */,
			);
			name = Main.storyboard;
			sourceTree = "<group>";
		};
		FC4EFD5F24F4A01D00E23446 /* LaunchScreen.storyboard */ = {
			isa = PBXVariantGroup;
			children = (
				FC4EFD6024F4A01D00E23446 /* Base */,
			);
			name = LaunchScreen.storyboard;
			sourceTree = "<group>";
		};
/* End PBXVariantGroup section */

/* Begin XCBuildConfiguration section */
		FC4EFD6324F4A01D00E23446 /* Debug */ = {
			isa = XCBuildConfiguration;
			buildSettings = {
				ALWAYS_SEARCH_USER_PATHS = NO;
				CLANG_ANALYZER_NONNULL = YES;
				CLANG_ANALYZER_NUMBER_OBJECT_CONVERSION = YES_AGGRESSIVE;
				CLANG_CXX_LANGUAGE_STANDARD = "gnu++14";
				CLANG_CXX_LIBRARY = "libc++";
				CLANG_ENABLE_MODULES = YES;
				CLANG_ENABLE_OBJC_ARC = YES;
				CLANG_ENABLE_OBJC_WEAK = YES;
				CLANG_WARN_BLOCK_CAPTURE_AUTORELEASING = YES;
				CLANG_WARN_BOOL_CONVERSION = YES;
				CLANG_WARN_COMMA = YES;
				CLANG_WARN_CONSTANT_CONVERSION = YES;
				CLANG_WARN_DEPRECATED_OBJC_IMPLEMENTATIONS = YES;
				CLANG_WARN_DIRECT_OBJC_ISA_USAGE = YES_ERROR;
				CLANG_WARN_DOCUMENTATION_COMMENTS = YES;
				CLANG_WARN_EMPTY_BODY = YES;
				CLANG_WARN_ENUM_CONVERSION = YES;
				CLANG_WARN_INFINITE_RECURSION = YES;
				CLANG_WARN_INT_CONVERSION = YES;
				CLANG_WARN_NON_LITERAL_NULL_CONVERSION = YES;
				CLANG_WARN_OBJC_IMPLICIT_RETAIN_SELF = YES;
				CLANG_WARN_OBJC_LITERAL_CONVERSION = YES;
				CLANG_WARN_OBJC_ROOT_CLASS = YES_ERROR;
				CLANG_WARN_RANGE_LOOP_ANALYSIS = YES;
				CLANG_WARN_STRICT_PROTOTYPES = YES;
				CLANG_WARN_SUSPICIOUS_MOVE = YES;
				CLANG_WARN_UNGUARDED_AVAILABILITY = YES_AGGRESSIVE;
				CLANG_WARN_UNREACHABLE_CODE = YES;
				CLANG_WARN__DUPLICATE_METHOD_MATCH = YES;
				COPY_PHASE_STRIP = NO;
				DEBUG_INFORMATION_FORMAT = dwarf;
				ENABLE_STRICT_OBJC_MSGSEND = YES;
				ENABLE_TESTABILITY = YES;
				GCC_C_LANGUAGE_STANDARD = gnu11;
				GCC_DYNAMIC_NO_PIC = NO;
				GCC_NO_COMMON_BLOCKS = YES;
				GCC_OPTIMIZATION_LEVEL = 0;
				GCC_PREPROCESSOR_DEFINITIONS = (
					"DEBUG=1",
					"$(inherited)",
				);
				GCC_WARN_64_TO_32_BIT_CONVERSION = YES;
				GCC_WARN_ABOUT_RETURN_TYPE = YES_ERROR;
				GCC_WARN_UNDECLARED_SELECTOR = YES;
				GCC_WARN_UNINITIALIZED_AUTOS = YES_AGGRESSIVE;
				GCC_WARN_UNUSED_FUNCTION = YES;
				GCC_WARN_UNUSED_VARIABLE = YES;
				IPHONEOS_DEPLOYMENT_TARGET = 13.2;
				MTL_ENABLE_DEBUG_INFO = INCLUDE_SOURCE;
				MTL_FAST_MATH = YES;
				ONLY_ACTIVE_ARCH = YES;
				SDKROOT = iphoneos;
				SWIFT_ACTIVE_COMPILATION_CONDITIONS = DEBUG;
				SWIFT_OPTIMIZATION_LEVEL = "-Onone";
			};
			name = Debug;
		};
		FC4EFD6424F4A01D00E23446 /* Release */ = {
			isa = XCBuildConfiguration;
			buildSettings = {
				ALWAYS_SEARCH_USER_PATHS = NO;
				CLANG_ANALYZER_NONNULL = YES;
				CLANG_ANALYZER_NUMBER_OBJECT_CONVERSION = YES_AGGRESSIVE;
				CLANG_CXX_LANGUAGE_STANDARD = "gnu++14";
				CLANG_CXX_LIBRARY = "libc++";
				CLANG_ENABLE_MODULES = YES;
				CLANG_ENABLE_OBJC_ARC = YES;
				CLANG_ENABLE_OBJC_WEAK = YES;
				CLANG_WARN_BLOCK_CAPTURE_AUTORELEASING = YES;
				CLANG_WARN_BOOL_CONVERSION = YES;
				CLANG_WARN_COMMA = YES;
				CLANG_WARN_CONSTANT_CONVERSION = YES;
				CLANG_WARN_DEPRECATED_OBJC_IMPLEMENTATIONS = YES;
				CLANG_WARN_DIRECT_OBJC_ISA_USAGE = YES_ERROR;
				CLANG_WARN_DOCUMENTATION_COMMENTS = YES;
				CLANG_WARN_EMPTY_BODY = YES;
				CLANG_WARN_ENUM_CONVERSION = YES;
				CLANG_WARN_INFINITE_RECURSION = YES;
				CLANG_WARN_INT_CONVERSION = YES;
				CLANG_WARN_NON_LITERAL_NULL_CONVERSION = YES;
				CLANG_WARN_OBJC_IMPLICIT_RETAIN_SELF = YES;
				CLANG_WARN_OBJC_LITERAL_CONVERSION = YES;
				CLANG_WARN_OBJC_ROOT_CLASS = YES_ERROR;
				CLANG_WARN_RANGE_LOOP_ANALYSIS = YES;
				CLANG_WARN_STRICT_PROTOTYPES = YES;
				CLANG_WARN_SUSPICIOUS_MOVE = YES;
				CLANG_WARN_UNGUARDED_AVAILABILITY = YES_AGGRESSIVE;
				CLANG_WARN_UNREACHABLE_CODE = YES;
				CLANG_WARN__DUPLICATE_METHOD_MATCH = YES;
				COPY_PHASE_STRIP = NO;
				DEBUG_INFORMATION_FORMAT = "dwarf-with-dsym";
				ENABLE_NS_ASSERTIONS = NO;
				ENABLE_STRICT_OBJC_MSGSEND = YES;
				GCC_C_LANGUAGE_STANDARD = gnu11;
				GCC_NO_COMMON_BLOCKS = YES;
				GCC_WARN_64_TO_32_BIT_CONVERSION = YES;
				GCC_WARN_ABOUT_RETURN_TYPE = YES_ERROR;
				GCC_WARN_UNDECLARED_SELECTOR = YES;
				GCC_WARN_UNINITIALIZED_AUTOS = YES_AGGRESSIVE;
				GCC_WARN_UNUSED_FUNCTION = YES;
				GCC_WARN_UNUSED_VARIABLE = YES;
				IPHONEOS_DEPLOYMENT_TARGET = 13.2;
				MTL_ENABLE_DEBUG_INFO = NO;
				MTL_FAST_MATH = YES;
				SDKROOT = iphoneos;
				SWIFT_COMPILATION_MODE = wholemodule;
				SWIFT_OPTIMIZATION_LEVEL = "-O";
				VALIDATE_PRODUCT = YES;
			};
			name = Release;
		};
		FC4EFD6624F4A01D00E23446 /* Debug */ = {
			isa = XCBuildConfiguration;
			buildSettings = {
				ASSETCATALOG_COMPILER_APPICON_NAME = AppIcon;
				CODE_SIGN_STYLE = Automatic;
				INFOPLIST_FILE = imageView/Info.plist;
				LD_RUNPATH_SEARCH_PATHS = (
					"$(inherited)",
					"@executable_path/Frameworks",
				);
				PRODUCT_BUNDLE_IDENTIFIER = com.tj.imageView;
				PRODUCT_NAME = "$(TARGET_NAME)";
				SWIFT_VERSION = 5.0;
				TARGETED_DEVICE_FAMILY = "1,2";
			};
			name = Debug;
		};
		FC4EFD6724F4A01D00E23446 /* Release */ = {
			isa = XCBuildConfiguration;
			buildSettings = {
				ASSETCATALOG_COMPILER_APPICON_NAME = AppIcon;
				CODE_SIGN_STYLE = Automatic;
				INFOPLIST_FILE = imageView/Info.plist;
				LD_RUNPATH_SEARCH_PATHS = (
					"$(inherited)",
					"@executable_path/Frameworks",
				);
				PRODUCT_BUNDLE_IDENTIFIER = com.tj.imageView;
				PRODUCT_NAME = "$(TARGET_NAME)";
				SWIFT_VERSION = 5.0;
				TARGETED_DEVICE_FAMILY = "1,2";
			};
			name = Release;
		};
/* End XCBuildConfiguration section */

/* Begin XCConfigurationList section */
		FC4EFD4924F4A01500E23446 /* Build configuration list for PBXProject "imageView" */ = {
			isa = XCConfigurationList;
			buildConfigurations = (
				FC4EFD6324F4A01D00E23446 /* Debug */,
				FC4EFD6424F4A01D00E23446 /* Release */,
			);
			defaultConfigurationIsVisible = 0;
			defaultConfigurationName = Release;
		};
		FC4EFD6524F4A01D00E23446 /* Build configuration list for PBXNativeTarget "imageView" */ = {
			isa = XCConfigurationList;
			buildConfigurations = (
				FC4EFD6624F4A01D00E23446 /* Debug */,
				FC4EFD6724F4A01D00E23446 /* Release */,
			);
			defaultConfigurationIsVisible = 0;
			defaultConfigurationName = Release;
		};
/* End XCConfigurationList section */

/* Begin XCVersionGroup section */
		FC4EFD5A24F4A01500E23446 /* imageView.xcdatamodeld */ = {
			isa = XCVersionGroup;
			children = (
				FC4EFD5B24F4A01500E23446 /* imageView.xcdatamodel */,
			);
			currentVersion = FC4EFD5B24F4A01500E23446 /* imageView.xcdatamodel */;
			path = imageView.xcdatamodeld;
			sourceTree = "<group>";
			versionGroupType = wrapper.xcdatamodel;
		};
/* End XCVersionGroup section */
	};
	rootObject = FC4EFD4624F4A01500E23446 /* Project object */;
}
