// !$*UTF8*$!
{
	archiveVersion = 1;
	classes = {
	};
	objectVersion = 50;
	objects = {

/* Begin PBXBuildFile section */
		FCB1AE7E24F608F80032718D /* AppDelegate.swift in Sources */ = {isa = PBXBuildFile; fileRef = FCB1AE7D24F608F80032718D /* AppDelegate.swift */; };
		FCB1AE8024F608F80032718D /* SceneDelegate.swift in Sources */ = {isa = PBXBuildFile; fileRef = FCB1AE7F24F608F80032718D /* SceneDelegate.swift */; };
		FCB1AE8224F608F80032718D /* ViewController.swift in Sources */ = {isa = PBXBuildFile; fileRef = FCB1AE8124F608F80032718D /* ViewController.swift */; };
		FCB1AE8524F608F80032718D /* Main.storyboard in Resources */ = {isa = PBXBuildFile; fileRef = FCB1AE8324F608F80032718D /* Main.storyboard */; };
		FCB1AE8824F608F80032718D /* Hybrid.xcdatamodeld in Sources */ = {isa = PBXBuildFile; fileRef = FCB1AE8624F608F80032718D /* Hybrid.xcdatamodeld */; };
		FCB1AE8A24F608F80032718D /* Assets.xcassets in Resources */ = {isa = PBXBuildFile; fileRef = FCB1AE8924F608F80032718D /* Assets.xcassets */; };
		FCB1AE8D24F608F80032718D /* LaunchScreen.storyboard in Resources */ = {isa = PBXBuildFile; fileRef = FCB1AE8B24F608F80032718D /* LaunchScreen.storyboard */; };
		FCB1AE9524F60CA30032718D /* readme.rtf in Resources */ = {isa = PBXBuildFile; fileRef = FCB1AE9424F60CA30032718D /* readme.rtf */; };
		FCB1AE9724F629500032718D /* htmlView.html in Resources */ = {isa = PBXBuildFile; fileRef = FCB1AE9624F629500032718D /* htmlView.html */; };
		FCB1AE9A24F634690032718D /* WebKit.framework in Frameworks */ = {isa = PBXBuildFile; fileRef = FCB1AE9924F634680032718D /* WebKit.framework */; };
/* End PBXBuildFile section */

/* Begin PBXFileReference section */
		FCB1AE7A24F608F80032718D /* Hybrid.app */ = {isa = PBXFileReference; explicitFileType = wrapper.application; includeInIndex = 0; path = Hybrid.app; sourceTree = BUILT_PRODUCTS_DIR; };
		FCB1AE7D24F608F80032718D /* AppDelegate.swift */ = {isa = PBXFileReference; lastKnownFileType = sourcecode.swift; path = AppDelegate.swift; sourceTree = "<group>"; };
		FCB1AE7F24F608F80032718D /* SceneDelegate.swift */ = {isa = PBXFileReference; lastKnownFileType = sourcecode.swift; path = SceneDelegate.swift; sourceTree = "<group>"; };
		FCB1AE8124F608F80032718D /* ViewController.swift */ = {isa = PBXFileReference; lastKnownFileType = sourcecode.swift; path = ViewController.swift; sourceTree = "<group>"; };
		FCB1AE8424F608F80032718D /* Base */ = {isa = PBXFileReference; lastKnownFileType = file.storyboard; name = Base; path = Base.lproj/Main.storyboard; sourceTree = "<group>"; };
		FCB1AE8724F608F80032718D /* Hybrid.xcdatamodel */ = {isa = PBXFileReference; lastKnownFileType = wrapper.xcdatamodel; path = Hybrid.xcdatamodel; sourceTree = "<group>"; };
		FCB1AE8924F608F80032718D /* Assets.xcassets */ = {isa = PBXFileReference; lastKnownFileType = folder.assetcatalog; path = Assets.xcassets; sourceTree = "<group>"; };
		FCB1AE8C24F608F80032718D /* Base */ = {isa = PBXFileReference; lastKnownFileType = file.storyboard; name = Base; path = Base.lproj/LaunchScreen.storyboard; sourceTree = "<group>"; };
		FCB1AE8E24F608F80032718D /* Info.plist */ = {isa = PBXFileReference; lastKnownFileType = text.plist.xml; path = Info.plist; sourceTree = "<group>"; };
		FCB1AE9424F60CA30032718D /* readme.rtf */ = {isa = PBXFileReference; lastKnownFileType = text.rtf; path = readme.rtf; sourceTree = "<group>"; };
		FCB1AE9624F629500032718D /* htmlView.html */ = {isa = PBXFileReference; lastKnownFileType = text.html; path = htmlView.html; sourceTree = "<group>"; };
		FCB1AE9924F634680032718D /* WebKit.framework */ = {isa = PBXFileReference; lastKnownFileType = wrapper.framework; name = WebKit.framework; path = System/Library/Frameworks/WebKit.framework; sourceTree = SDKROOT; };
/* End PBXFileReference section */

/* Begin PBXFrameworksBuildPhase section */
		FCB1AE7724F608F80032718D /* Frameworks */ = {
			isa = PBXFrameworksBuildPhase;
			buildActionMask = 2147483647;
			files = (
				FCB1AE9A24F634690032718D /* WebKit.framework in Frameworks */,
			);
			runOnlyForDeploymentPostprocessing = 0;
		};
/* End PBXFrameworksBuildPhase section */

/* Begin PBXGroup section */
		FCB1AE7124F608F70032718D = {
			isa = PBXGroup;
			children = (
				FCB1AE7C24F608F80032718D /* Hybrid */,
				FCB1AE7B24F608F80032718D /* Products */,
				FCB1AE9824F634680032718D /* Frameworks */,
			);
			sourceTree = "<group>";
		};
		FCB1AE7B24F608F80032718D /* Products */ = {
			isa = PBXGroup;
			children = (
				FCB1AE7A24F608F80032718D /* Hybrid.app */,
			);
			name = Products;
			sourceTree = "<group>";
		};
		FCB1AE7C24F608F80032718D /* Hybrid */ = {
			isa = PBXGroup;
			children = (
				FCB1AE7D24F608F80032718D /* AppDelegate.swift */,
				FCB1AE7F24F608F80032718D /* SceneDelegate.swift */,
				FCB1AE8124F608F80032718D /* ViewController.swift */,
				FCB1AE8324F608F80032718D /* Main.storyboard */,
				FCB1AE8924F608F80032718D /* Assets.xcassets */,
				FCB1AE8B24F608F80032718D /* LaunchScreen.storyboard */,
				FCB1AE8E24F608F80032718D /* Info.plist */,
				FCB1AE8624F608F80032718D /* Hybrid.xcdatamodeld */,
				FCB1AE9424F60CA30032718D /* readme.rtf */,
				FCB1AE9624F629500032718D /* htmlView.html */,
			);
			path = Hybrid;
			sourceTree = "<group>";
		};
		FCB1AE9824F634680032718D /* Frameworks */ = {
			isa = PBXGroup;
			children = (
				FCB1AE9924F634680032718D /* WebKit.framework */,
			);
			name = Frameworks;
			sourceTree = "<group>";
		};
/* End PBXGroup section */

/* Begin PBXNativeTarget section */
		FCB1AE7924F608F80032718D /* Hybrid */ = {
			isa = PBXNativeTarget;
			buildConfigurationList = FCB1AE9124F608F80032718D /* Build configuration list for PBXNativeTarget "Hybrid" */;
			buildPhases = (
				FCB1AE7624F608F80032718D /* Sources */,
				FCB1AE7724F608F80032718D /* Frameworks */,
				FCB1AE7824F608F80032718D /* Resources */,
			);
			buildRules = (
			);
			dependencies = (
			);
			name = Hybrid;
			productName = Hybrid;
			productReference = FCB1AE7A24F608F80032718D /* Hybrid.app */;
			productType = "com.apple.product-type.application";
		};
/* End PBXNativeTarget section */

/* Begin PBXProject section */
		FCB1AE7224F608F70032718D /* Project object */ = {
			isa = PBXProject;
			attributes = {
				LastSwiftUpdateCheck = 1130;
				LastUpgradeCheck = 1130;
				ORGANIZATIONNAME = ZZEUNG;
				TargetAttributes = {
					FCB1AE7924F608F80032718D = {
						CreatedOnToolsVersion = 11.3.1;
					};
				};
			};
			buildConfigurationList = FCB1AE7524F608F70032718D /* Build configuration list for PBXProject "Hybrid" */;
			compatibilityVersion = "Xcode 9.3";
			developmentRegion = en;
			hasScannedForEncodings = 0;
			knownRegions = (
				en,
				Base,
			);
			mainGroup = FCB1AE7124F608F70032718D;
			productRefGroup = FCB1AE7B24F608F80032718D /* Products */;
			projectDirPath = "";
			projectRoot = "";
			targets = (
				FCB1AE7924F608F80032718D /* Hybrid */,
			);
		};
/* End PBXProject section */

/* Begin PBXResourcesBuildPhase section */
		FCB1AE7824F608F80032718D /* Resources */ = {
			isa = PBXResourcesBuildPhase;
			buildActionMask = 2147483647;
			files = (
				FCB1AE8D24F608F80032718D /* LaunchScreen.storyboard in Resources */,
				FCB1AE8A24F608F80032718D /* Assets.xcassets in Resources */,
				FCB1AE9724F629500032718D /* htmlView.html in Resources */,
				FCB1AE9524F60CA30032718D /* readme.rtf in Resources */,
				FCB1AE8524F608F80032718D /* Main.storyboard in Resources */,
			);
			runOnlyForDeploymentPostprocessing = 0;
		};
/* End PBXResourcesBuildPhase section */

/* Begin PBXSourcesBuildPhase section */
		FCB1AE7624F608F80032718D /* Sources */ = {
			isa = PBXSourcesBuildPhase;
			buildActionMask = 2147483647;
			files = (
				FCB1AE8224F608F80032718D /* ViewController.swift in Sources */,
				FCB1AE8824F608F80032718D /* Hybrid.xcdatamodeld in Sources */,
				FCB1AE7E24F608F80032718D /* AppDelegate.swift in Sources */,
				FCB1AE8024F608F80032718D /* SceneDelegate.swift in Sources */,
			);
			runOnlyForDeploymentPostprocessing = 0;
		};
/* End PBXSourcesBuildPhase section */

/* Begin PBXVariantGroup section */
		FCB1AE8324F608F80032718D /* Main.storyboard */ = {
			isa = PBXVariantGroup;
			children = (
				FCB1AE8424F608F80032718D /* Base */,
			);
			name = Main.storyboard;
			sourceTree = "<group>";
		};
		FCB1AE8B24F608F80032718D /* LaunchScreen.storyboard */ = {
			isa = PBXVariantGroup;
			children = (
				FCB1AE8C24F608F80032718D /* Base */,
			);
			name = LaunchScreen.storyboard;
			sourceTree = "<group>";
		};
/* End PBXVariantGroup section */

/* Begin XCBuildConfiguration section */
		FCB1AE8F24F608F80032718D /* Debug */ = {
			isa = XCBuildConfiguration;
			buildSettings = {
				ALWAYS_SEARCH_USER_PATHS = NO;
				CLANG_ANALYZER_NONNULL = YES;
				CLANG_ANALYZER_NUMBER_OBJECT_CONVERSION = YES_AGGRESSIVE;
				CLANG_CXX_LANGUAGE_STANDARD = "gnu++14";
				CLANG_CXX_LIBRARY = "libc++";
				CLANG_ENABLE_MODULES = YES;
				CLANG_ENABLE_OBJC_ARC = YES;
				CLANG_ENABLE_OBJC_WEAK = YES;
				CLANG_WARN_BLOCK_CAPTURE_AUTORELEASING = YES;
				CLANG_WARN_BOOL_CONVERSION = YES;
				CLANG_WARN_COMMA = YES;
				CLANG_WARN_CONSTANT_CONVERSION = YES;
				CLANG_WARN_DEPRECATED_OBJC_IMPLEMENTATIONS = YES;
				CLANG_WARN_DIRECT_OBJC_ISA_USAGE = YES_ERROR;
				CLANG_WARN_DOCUMENTATION_COMMENTS = YES;
				CLANG_WARN_EMPTY_BODY = YES;
				CLANG_WARN_ENUM_CONVERSION = YES;
				CLANG_WARN_INFINITE_RECURSION = YES;
				CLANG_WARN_INT_CONVERSION = YES;
				CLANG_WARN_NON_LITERAL_NULL_CONVERSION = YES;
				CLANG_WARN_OBJC_IMPLICIT_RETAIN_SELF = YES;
				CLANG_WARN_OBJC_LITERAL_CONVERSION = YES;
				CLANG_WARN_OBJC_ROOT_CLASS = YES_ERROR;
				CLANG_WARN_RANGE_LOOP_ANALYSIS = YES;
				CLANG_WARN_STRICT_PROTOTYPES = YES;
				CLANG_WARN_SUSPICIOUS_MOVE = YES;
				CLANG_WARN_UNGUARDED_AVAILABILITY = YES_AGGRESSIVE;
				CLANG_WARN_UNREACHABLE_CODE = YES;
				CLANG_WARN__DUPLICATE_METHOD_MATCH = YES;
				COPY_PHASE_STRIP = NO;
				DEBUG_INFORMATION_FORMAT = dwarf;
				ENABLE_STRICT_OBJC_MSGSEND = YES;
				ENABLE_TESTABILITY = YES;
				GCC_C_LANGUAGE_STANDARD = gnu11;
				GCC_DYNAMIC_NO_PIC = NO;
				GCC_NO_COMMON_BLOCKS = YES;
				GCC_OPTIMIZATION_LEVEL = 0;
				GCC_PREPROCESSOR_DEFINITIONS = (
					"DEBUG=1",
					"$(inherited)",
				);
				GCC_WARN_64_TO_32_BIT_CONVERSION = YES;
				GCC_WARN_ABOUT_RETURN_TYPE = YES_ERROR;
				GCC_WARN_UNDECLARED_SELECTOR = YES;
				GCC_WARN_UNINITIALIZED_AUTOS = YES_AGGRESSIVE;
				GCC_WARN_UNUSED_FUNCTION = YES;
				GCC_WARN_UNUSED_VARIABLE = YES;
				IPHONEOS_DEPLOYMENT_TARGET = 13.2;
				MTL_ENABLE_DEBUG_INFO = INCLUDE_SOURCE;
				MTL_FAST_MATH = YES;
				ONLY_ACTIVE_ARCH = YES;
				SDKROOT = iphoneos;
				SWIFT_ACTIVE_COMPILATION_CONDITIONS = DEBUG;
				SWIFT_OPTIMIZATION_LEVEL = "-Onone";
			};
			name = Debug;
		};
		FCB1AE9024F608F80032718D /* Release */ = {
			isa = XCBuildConfiguration;
			buildSettings = {
				ALWAYS_SEARCH_USER_PATHS = NO;
				CLANG_ANALYZER_NONNULL = YES;
				CLANG_ANALYZER_NUMBER_OBJECT_CONVERSION = YES_AGGRESSIVE;
				CLANG_CXX_LANGUAGE_STANDARD = "gnu++14";
				CLANG_CXX_LIBRARY = "libc++";
				CLANG_ENABLE_MODULES = YES;
				CLANG_ENABLE_OBJC_ARC = YES;
				CLANG_ENABLE_OBJC_WEAK = YES;
				CLANG_WARN_BLOCK_CAPTURE_AUTORELEASING = YES;
				CLANG_WARN_BOOL_CONVERSION = YES;
				CLANG_WARN_COMMA = YES;
				CLANG_WARN_CONSTANT_CONVERSION = YES;
				CLANG_WARN_DEPRECATED_OBJC_IMPLEMENTATIONS = YES;
				CLANG_WARN_DIRECT_OBJC_ISA_USAGE = YES_ERROR;
				CLANG_WARN_DOCUMENTATION_COMMENTS = YES;
				CLANG_WARN_EMPTY_BODY = YES;
				CLANG_WARN_ENUM_CONVERSION = YES;
				CLANG_WARN_INFINITE_RECURSION = YES;
				CLANG_WARN_INT_CONVERSION = YES;
				CLANG_WARN_NON_LITERAL_NULL_CONVERSION = YES;
				CLANG_WARN_OBJC_IMPLICIT_RETAIN_SELF = YES;
				CLANG_WARN_OBJC_LITERAL_CONVERSION = YES;
				CLANG_WARN_OBJC_ROOT_CLASS = YES_ERROR;
				CLANG_WARN_RANGE_LOOP_ANALYSIS = YES;
				CLANG_WARN_STRICT_PROTOTYPES = YES;
				CLANG_WARN_SUSPICIOUS_MOVE = YES;
				CLANG_WARN_UNGUARDED_AVAILABILITY = YES_AGGRESSIVE;
				CLANG_WARN_UNREACHABLE_CODE = YES;
				CLANG_WARN__DUPLICATE_METHOD_MATCH = YES;
				COPY_PHASE_STRIP = NO;
				DEBUG_INFORMATION_FORMAT = "dwarf-with-dsym";
				ENABLE_NS_ASSERTIONS = NO;
				ENABLE_STRICT_OBJC_MSGSEND = YES;
				GCC_C_LANGUAGE_STANDARD = gnu11;
				GCC_NO_COMMON_BLOCKS = YES;
				GCC_WARN_64_TO_32_BIT_CONVERSION = YES;
				GCC_WARN_ABOUT_RETURN_TYPE = YES_ERROR;
				GCC_WARN_UNDECLARED_SELECTOR = YES;
				GCC_WARN_UNINITIALIZED_AUTOS = YES_AGGRESSIVE;
				GCC_WARN_UNUSED_FUNCTION = YES;
				GCC_WARN_UNUSED_VARIABLE = YES;
				IPHONEOS_DEPLOYMENT_TARGET = 13.2;
				MTL_ENABLE_DEBUG_INFO = NO;
				MTL_FAST_MATH = YES;
				SDKROOT = iphoneos;
				SWIFT_COMPILATION_MODE = wholemodule;
				SWIFT_OPTIMIZATION_LEVEL = "-O";
				VALIDATE_PRODUCT = YES;
			};
			name = Release;
		};
		FCB1AE9224F608F80032718D /* Debug */ = {
			isa = XCBuildConfiguration;
			buildSettings = {
				ASSETCATALOG_COMPILER_APPICON_NAME = AppIcon;
				CODE_SIGN_STYLE = Automatic;
				INFOPLIST_FILE = Hybrid/Info.plist;
				LD_RUNPATH_SEARCH_PATHS = (
					"$(inherited)",
					"@executable_path/Frameworks",
				);
				PRODUCT_BUNDLE_IDENTIFIER = com.tj.Hybrid;
				PRODUCT_NAME = "$(TARGET_NAME)";
				SWIFT_VERSION = 5.0;
				TARGETED_DEVICE_FAMILY = "1,2";
			};
			name = Debug;
		};
		FCB1AE9324F608F80032718D /* Release */ = {
			isa = XCBuildConfiguration;
			buildSettings = {
				ASSETCATALOG_COMPILER_APPICON_NAME = AppIcon;
				CODE_SIGN_STYLE = Automatic;
				INFOPLIST_FILE = Hybrid/Info.plist;
				LD_RUNPATH_SEARCH_PATHS = (
					"$(inherited)",
					"@executable_path/Frameworks",
				);
				PRODUCT_BUNDLE_IDENTIFIER = com.tj.Hybrid;
				PRODUCT_NAME = "$(TARGET_NAME)";
				SWIFT_VERSION = 5.0;
				TARGETED_DEVICE_FAMILY = "1,2";
			};
			name = Release;
		};
/* End XCBuildConfiguration section */

/* Begin XCConfigurationList section */
		FCB1AE7524F608F70032718D /* Build configuration list for PBXProject "Hybrid" */ = {
			isa = XCConfigurationList;
			buildConfigurations = (
				FCB1AE8F24F608F80032718D /* Debug */,
				FCB1AE9024F608F80032718D /* Release */,
			);
			defaultConfigurationIsVisible = 0;
			defaultConfigurationName = Release;
		};
		FCB1AE9124F608F80032718D /* Build configuration list for PBXNativeTarget "Hybrid" */ = {
			isa = XCConfigurationList;
			buildConfigurations = (
				FCB1AE9224F608F80032718D /* Debug */,
				FCB1AE9324F608F80032718D /* Release */,
			);
			defaultConfigurationIsVisible = 0;
			defaultConfigurationName = Release;
		};
/* End XCConfigurationList section */

/* Begin XCVersionGroup section */
		FCB1AE8624F608F80032718D /* Hybrid.xcdatamodeld */ = {
			isa = XCVersionGroup;
			children = (
				FCB1AE8724F608F80032718D /* Hybrid.xcdatamodel */,
			);
			currentVersion = FCB1AE8724F608F80032718D /* Hybrid.xcdatamodel */;
			path = Hybrid.xcdatamodeld;
			sourceTree = "<group>";
			versionGroupType = wrapper.xcdatamodel;
		};
/* End XCVersionGroup section */
	};
	rootObject = FCB1AE7224F608F70032718D /* Project object */;
}
