// !$*UTF8*$!
{
	archiveVersion = 1;
	classes = {
	};
	objectVersion = 50;
	objects = {

/* Begin PBXBuildFile section */
		FCA8B2C924F75AF6003E0D95 /* AppDelegate.swift in Sources */ = {isa = PBXBuildFile; fileRef = FCA8B2C824F75AF6003E0D95 /* AppDelegate.swift */; };
		FCA8B2CB24F75AF6003E0D95 /* SceneDelegate.swift in Sources */ = {isa = PBXBuildFile; fileRef = FCA8B2CA24F75AF6003E0D95 /* SceneDelegate.swift */; };
		FCA8B2CD24F75AF6003E0D95 /* ViewController.swift in Sources */ = {isa = PBXBuildFile; fileRef = FCA8B2CC24F75AF6003E0D95 /* ViewController.swift */; };
		FCA8B2D024F75AF6003E0D95 /* Main.storyboard in Resources */ = {isa = PBXBuildFile; fileRef = FCA8B2CE24F75AF6003E0D95 /* Main.storyboard */; };
		FCA8B2D324F75AF6003E0D95 /* swipePgCtrlFlower.xcdatamodeld in Sources */ = {isa = PBXBuildFile; fileRef = FCA8B2D124F75AF6003E0D95 /* swipePgCtrlFlower.xcdatamodeld */; };
		FCA8B2D524F75AF8003E0D95 /* Assets.xcassets in Resources */ = {isa = PBXBuildFile; fileRef = FCA8B2D424F75AF8003E0D95 /* Assets.xcassets */; };
		FCA8B2D824F75AF8003E0D95 /* LaunchScreen.storyboard in Resources */ = {isa = PBXBuildFile; fileRef = FCA8B2D624F75AF8003E0D95 /* LaunchScreen.storyboard */; };
		FCA8B2E524F75B03003E0D95 /* flower_04.png in Resources */ = {isa = PBXBuildFile; fileRef = FCA8B2DF24F75B03003E0D95 /* flower_04.png */; };
		FCA8B2E624F75B03003E0D95 /* flower_02.png in Resources */ = {isa = PBXBuildFile; fileRef = FCA8B2E024F75B03003E0D95 /* flower_02.png */; };
		FCA8B2E724F75B03003E0D95 /* flower_01.png in Resources */ = {isa = PBXBuildFile; fileRef = FCA8B2E124F75B03003E0D95 /* flower_01.png */; };
		FCA8B2E824F75B03003E0D95 /* flower_05.png in Resources */ = {isa = PBXBuildFile; fileRef = FCA8B2E224F75B03003E0D95 /* flower_05.png */; };
		FCA8B2E924F75B03003E0D95 /* flower_06.png in Resources */ = {isa = PBXBuildFile; fileRef = FCA8B2E324F75B03003E0D95 /* flower_06.png */; };
		FCA8B2EA24F75B03003E0D95 /* flower_03.png in Resources */ = {isa = PBXBuildFile; fileRef = FCA8B2E424F75B03003E0D95 /* flower_03.png */; };
/* End PBXBuildFile section */

/* Begin PBXFileReference section */
		FCA8B2C524F75AF6003E0D95 /* swipePgCtrlFlower.app */ = {isa = PBXFileReference; explicitFileType = wrapper.application; includeInIndex = 0; path = swipePgCtrlFlower.app; sourceTree = BUILT_PRODUCTS_DIR; };
		FCA8B2C824F75AF6003E0D95 /* AppDelegate.swift */ = {isa = PBXFileReference; lastKnownFileType = sourcecode.swift; path = AppDelegate.swift; sourceTree = "<group>"; };
		FCA8B2CA24F75AF6003E0D95 /* SceneDelegate.swift */ = {isa = PBXFileReference; lastKnownFileType = sourcecode.swift; path = SceneDelegate.swift; sourceTree = "<group>"; };
		FCA8B2CC24F75AF6003E0D95 /* ViewController.swift */ = {isa = PBXFileReference; lastKnownFileType = sourcecode.swift; path = ViewController.swift; sourceTree = "<group>"; };
		FCA8B2CF24F75AF6003E0D95 /* Base */ = {isa = PBXFileReference; lastKnownFileType = file.storyboard; name = Base; path = Base.lproj/Main.storyboard; sourceTree = "<group>"; };
		FCA8B2D224F75AF6003E0D95 /* swipePgCtrlFlower.xcdatamodel */ = {isa = PBXFileReference; lastKnownFileType = wrapper.xcdatamodel; path = swipePgCtrlFlower.xcdatamodel; sourceTree = "<group>"; };
		FCA8B2D424F75AF8003E0D95 /* Assets.xcassets */ = {isa = PBXFileReference; lastKnownFileType = folder.assetcatalog; path = Assets.xcassets; sourceTree = "<group>"; };
		FCA8B2D724F75AF8003E0D95 /* Base */ = {isa = PBXFileReference; lastKnownFileType = file.storyboard; name = Base; path = Base.lproj/LaunchScreen.storyboard; sourceTree = "<group>"; };
		FCA8B2D924F75AF8003E0D95 /* Info.plist */ = {isa = PBXFileReference; lastKnownFileType = text.plist.xml; path = Info.plist; sourceTree = "<group>"; };
		FCA8B2DF24F75B03003E0D95 /* flower_04.png */ = {isa = PBXFileReference; lastKnownFileType = image.png; name = flower_04.png; path = ../../../SEUNGHEE/flower_04.png; sourceTree = "<group>"; };
		FCA8B2E024F75B03003E0D95 /* flower_02.png */ = {isa = PBXFileReference; lastKnownFileType = image.png; name = flower_02.png; path = ../../../SEUNGHEE/flower_02.png; sourceTree = "<group>"; };
		FCA8B2E124F75B03003E0D95 /* flower_01.png */ = {isa = PBXFileReference; lastKnownFileType = image.png; name = flower_01.png; path = ../../../SEUNGHEE/flower_01.png; sourceTree = "<group>"; };
		FCA8B2E224F75B03003E0D95 /* flower_05.png */ = {isa = PBXFileReference; lastKnownFileType = image.png; name = flower_05.png; path = ../../../SEUNGHEE/flower_05.png; sourceTree = "<group>"; };
		FCA8B2E324F75B03003E0D95 /* flower_06.png */ = {isa = PBXFileReference; lastKnownFileType = image.png; name = flower_06.png; path = ../../../SEUNGHEE/flower_06.png; sourceTree = "<group>"; };
		FCA8B2E424F75B03003E0D95 /* flower_03.png */ = {isa = PBXFileReference; lastKnownFileType = image.png; name = flower_03.png; path = ../../../SEUNGHEE/flower_03.png; sourceTree = "<group>"; };
/* End PBXFileReference section */

/* Begin PBXFrameworksBuildPhase section */
		FCA8B2C224F75AF6003E0D95 /* Frameworks */ = {
			isa = PBXFrameworksBuildPhase;
			buildActionMask = 2147483647;
			files = (
			);
			runOnlyForDeploymentPostprocessing = 0;
		};
/* End PBXFrameworksBuildPhase section */

/* Begin PBXGroup section */
		FCA8B2BC24F75AF6003E0D95 = {
			isa = PBXGroup;
			children = (
				FCA8B2C724F75AF6003E0D95 /* swipePgCtrlFlower */,
				FCA8B2C624F75AF6003E0D95 /* Products */,
			);
			sourceTree = "<group>";
		};
		FCA8B2C624F75AF6003E0D95 /* Products */ = {
			isa = PBXGroup;
			children = (
				FCA8B2C524F75AF6003E0D95 /* swipePgCtrlFlower.app */,
			);
			name = Products;
			sourceTree = "<group>";
		};
		FCA8B2C724F75AF6003E0D95 /* swipePgCtrlFlower */ = {
			isa = PBXGroup;
			children = (
				FCA8B2E124F75B03003E0D95 /* flower_01.png */,
				FCA8B2E024F75B03003E0D95 /* flower_02.png */,
				FCA8B2E424F75B03003E0D95 /* flower_03.png */,
				FCA8B2DF24F75B03003E0D95 /* flower_04.png */,
				FCA8B2E224F75B03003E0D95 /* flower_05.png */,
				FCA8B2E324F75B03003E0D95 /* flower_06.png */,
				FCA8B2C824F75AF6003E0D95 /* AppDelegate.swift */,
				FCA8B2CA24F75AF6003E0D95 /* SceneDelegate.swift */,
				FCA8B2CC24F75AF6003E0D95 /* ViewController.swift */,
				FCA8B2CE24F75AF6003E0D95 /* Main.storyboard */,
				FCA8B2D424F75AF8003E0D95 /* Assets.xcassets */,
				FCA8B2D624F75AF8003E0D95 /* LaunchScreen.storyboard */,
				FCA8B2D924F75AF8003E0D95 /* Info.plist */,
				FCA8B2D124F75AF6003E0D95 /* swipePgCtrlFlower.xcdatamodeld */,
			);
			path = swipePgCtrlFlower;
			sourceTree = "<group>";
		};
/* End PBXGroup section */

/* Begin PBXNativeTarget section */
		FCA8B2C424F75AF6003E0D95 /* swipePgCtrlFlower */ = {
			isa = PBXNativeTarget;
			buildConfigurationList = FCA8B2DC24F75AF8003E0D95 /* Build configuration list for PBXNativeTarget "swipePgCtrlFlower" */;
			buildPhases = (
				FCA8B2C124F75AF6003E0D95 /* Sources */,
				FCA8B2C224F75AF6003E0D95 /* Frameworks */,
				FCA8B2C324F75AF6003E0D95 /* Resources */,
			);
			buildRules = (
			);
			dependencies = (
			);
			name = swipePgCtrlFlower;
			productName = swipePgCtrlFlower;
			productReference = FCA8B2C524F75AF6003E0D95 /* swipePgCtrlFlower.app */;
			productType = "com.apple.product-type.application";
		};
/* End PBXNativeTarget section */

/* Begin PBXProject section */
		FCA8B2BD24F75AF6003E0D95 /* Project object */ = {
			isa = PBXProject;
			attributes = {
				LastSwiftUpdateCheck = 1130;
				LastUpgradeCheck = 1130;
				ORGANIZATIONNAME = ZZEUNG;
				TargetAttributes = {
					FCA8B2C424F75AF6003E0D95 = {
						CreatedOnToolsVersion = 11.3.1;
					};
				};
			};
			buildConfigurationList = FCA8B2C024F75AF6003E0D95 /* Build configuration list for PBXProject "swipePgCtrlFlower" */;
			compatibilityVersion = "Xcode 9.3";
			developmentRegion = en;
			hasScannedForEncodings = 0;
			knownRegions = (
				en,
				Base,
			);
			mainGroup = FCA8B2BC24F75AF6003E0D95;
			productRefGroup = FCA8B2C624F75AF6003E0D95 /* Products */;
			projectDirPath = "";
			projectRoot = "";
			targets = (
				FCA8B2C424F75AF6003E0D95 /* swipePgCtrlFlower */,
			);
		};
/* End PBXProject section */

/* Begin PBXResourcesBuildPhase section */
		FCA8B2C324F75AF6003E0D95 /* Resources */ = {
			isa = PBXResourcesBuildPhase;
			buildActionMask = 2147483647;
			files = (
				FCA8B2E824F75B03003E0D95 /* flower_05.png in Resources */,
				FCA8B2D824F75AF8003E0D95 /* LaunchScreen.storyboard in Resources */,
				FCA8B2E624F75B03003E0D95 /* flower_02.png in Resources */,
				FCA8B2D524F75AF8003E0D95 /* Assets.xcassets in Resources */,
				FCA8B2E924F75B03003E0D95 /* flower_06.png in Resources */,
				FCA8B2EA24F75B03003E0D95 /* flower_03.png in Resources */,
				FCA8B2E524F75B03003E0D95 /* flower_04.png in Resources */,
				FCA8B2D024F75AF6003E0D95 /* Main.storyboard in Resources */,
				FCA8B2E724F75B03003E0D95 /* flower_01.png in Resources */,
			);
			runOnlyForDeploymentPostprocessing = 0;
		};
/* End PBXResourcesBuildPhase section */

/* Begin PBXSourcesBuildPhase section */
		FCA8B2C124F75AF6003E0D95 /* Sources */ = {
			isa = PBXSourcesBuildPhase;
			buildActionMask = 2147483647;
			files = (
				FCA8B2CD24F75AF6003E0D95 /* ViewController.swift in Sources */,
				FCA8B2D324F75AF6003E0D95 /* swipePgCtrlFlower.xcdatamodeld in Sources */,
				FCA8B2C924F75AF6003E0D95 /* AppDelegate.swift in Sources */,
				FCA8B2CB24F75AF6003E0D95 /* SceneDelegate.swift in Sources */,
			);
			runOnlyForDeploymentPostprocessing = 0;
		};
/* End PBXSourcesBuildPhase section */

/* Begin PBXVariantGroup section */
		FCA8B2CE24F75AF6003E0D95 /* Main.storyboard */ = {
			isa = PBXVariantGroup;
			children = (
				FCA8B2CF24F75AF6003E0D95 /* Base */,
			);
			name = Main.storyboard;
			sourceTree = "<group>";
		};
		FCA8B2D624F75AF8003E0D95 /* LaunchScreen.storyboard */ = {
			isa = PBXVariantGroup;
			children = (
				FCA8B2D724F75AF8003E0D95 /* Base */,
			);
			name = LaunchScreen.storyboard;
			sourceTree = "<group>";
		};
/* End PBXVariantGroup section */

/* Begin XCBuildConfiguration section */
		FCA8B2DA24F75AF8003E0D95 /* Debug */ = {
			isa = XCBuildConfiguration;
			buildSettings = {
				ALWAYS_SEARCH_USER_PATHS = NO;
				CLANG_ANALYZER_NONNULL = YES;
				CLANG_ANALYZER_NUMBER_OBJECT_CONVERSION = YES_AGGRESSIVE;
				CLANG_CXX_LANGUAGE_STANDARD = "gnu++14";
				CLANG_CXX_LIBRARY = "libc++";
				CLANG_ENABLE_MODULES = YES;
				CLANG_ENABLE_OBJC_ARC = YES;
				CLANG_ENABLE_OBJC_WEAK = YES;
				CLANG_WARN_BLOCK_CAPTURE_AUTORELEASING = YES;
				CLANG_WARN_BOOL_CONVERSION = YES;
				CLANG_WARN_COMMA = YES;
				CLANG_WARN_CONSTANT_CONVERSION = YES;
				CLANG_WARN_DEPRECATED_OBJC_IMPLEMENTATIONS = YES;
				CLANG_WARN_DIRECT_OBJC_ISA_USAGE = YES_ERROR;
				CLANG_WARN_DOCUMENTATION_COMMENTS = YES;
				CLANG_WARN_EMPTY_BODY = YES;
				CLANG_WARN_ENUM_CONVERSION = YES;
				CLANG_WARN_INFINITE_RECURSION = YES;
				CLANG_WARN_INT_CONVERSION = YES;
				CLANG_WARN_NON_LITERAL_NULL_CONVERSION = YES;
				CLANG_WARN_OBJC_IMPLICIT_RETAIN_SELF = YES;
				CLANG_WARN_OBJC_LITERAL_CONVERSION = YES;
				CLANG_WARN_OBJC_ROOT_CLASS = YES_ERROR;
				CLANG_WARN_RANGE_LOOP_ANALYSIS = YES;
				CLANG_WARN_STRICT_PROTOTYPES = YES;
				CLANG_WARN_SUSPICIOUS_MOVE = YES;
				CLANG_WARN_UNGUARDED_AVAILABILITY = YES_AGGRESSIVE;
				CLANG_WARN_UNREACHABLE_CODE = YES;
				CLANG_WARN__DUPLICATE_METHOD_MATCH = YES;
				COPY_PHASE_STRIP = NO;
				DEBUG_INFORMATION_FORMAT = dwarf;
				ENABLE_STRICT_OBJC_MSGSEND = YES;
				ENABLE_TESTABILITY = YES;
				GCC_C_LANGUAGE_STANDARD = gnu11;
				GCC_DYNAMIC_NO_PIC = NO;
				GCC_NO_COMMON_BLOCKS = YES;
				GCC_OPTIMIZATION_LEVEL = 0;
				GCC_PREPROCESSOR_DEFINITIONS = (
					"DEBUG=1",
					"$(inherited)",
				);
				GCC_WARN_64_TO_32_BIT_CONVERSION = YES;
				GCC_WARN_ABOUT_RETURN_TYPE = YES_ERROR;
				GCC_WARN_UNDECLARED_SELECTOR = YES;
				GCC_WARN_UNINITIALIZED_AUTOS = YES_AGGRESSIVE;
				GCC_WARN_UNUSED_FUNCTION = YES;
				GCC_WARN_UNUSED_VARIABLE = YES;
				IPHONEOS_DEPLOYMENT_TARGET = 13.2;
				MTL_ENABLE_DEBUG_INFO = INCLUDE_SOURCE;
				MTL_FAST_MATH = YES;
				ONLY_ACTIVE_ARCH = YES;
				SDKROOT = iphoneos;
				SWIFT_ACTIVE_COMPILATION_CONDITIONS = DEBUG;
				SWIFT_OPTIMIZATION_LEVEL = "-Onone";
			};
			name = Debug;
		};
		FCA8B2DB24F75AF8003E0D95 /* Release */ = {
			isa = XCBuildConfiguration;
			buildSettings = {
				ALWAYS_SEARCH_USER_PATHS = NO;
				CLANG_ANALYZER_NONNULL = YES;
				CLANG_ANALYZER_NUMBER_OBJECT_CONVERSION = YES_AGGRESSIVE;
				CLANG_CXX_LANGUAGE_STANDARD = "gnu++14";
				CLANG_CXX_LIBRARY = "libc++";
				CLANG_ENABLE_MODULES = YES;
				CLANG_ENABLE_OBJC_ARC = YES;
				CLANG_ENABLE_OBJC_WEAK = YES;
				CLANG_WARN_BLOCK_CAPTURE_AUTORELEASING = YES;
				CLANG_WARN_BOOL_CONVERSION = YES;
				CLANG_WARN_COMMA = YES;
				CLANG_WARN_CONSTANT_CONVERSION = YES;
				CLANG_WARN_DEPRECATED_OBJC_IMPLEMENTATIONS = YES;
				CLANG_WARN_DIRECT_OBJC_ISA_USAGE = YES_ERROR;
				CLANG_WARN_DOCUMENTATION_COMMENTS = YES;
				CLANG_WARN_EMPTY_BODY = YES;
				CLANG_WARN_ENUM_CONVERSION = YES;
				CLANG_WARN_INFINITE_RECURSION = YES;
				CLANG_WARN_INT_CONVERSION = YES;
				CLANG_WARN_NON_LITERAL_NULL_CONVERSION = YES;
				CLANG_WARN_OBJC_IMPLICIT_RETAIN_SELF = YES;
				CLANG_WARN_OBJC_LITERAL_CONVERSION = YES;
				CLANG_WARN_OBJC_ROOT_CLASS = YES_ERROR;
				CLANG_WARN_RANGE_LOOP_ANALYSIS = YES;
				CLANG_WARN_STRICT_PROTOTYPES = YES;
				CLANG_WARN_SUSPICIOUS_MOVE = YES;
				CLANG_WARN_UNGUARDED_AVAILABILITY = YES_AGGRESSIVE;
				CLANG_WARN_UNREACHABLE_CODE = YES;
				CLANG_WARN__DUPLICATE_METHOD_MATCH = YES;
				COPY_PHASE_STRIP = NO;
				DEBUG_INFORMATION_FORMAT = "dwarf-with-dsym";
				ENABLE_NS_ASSERTIONS = NO;
				ENABLE_STRICT_OBJC_MSGSEND = YES;
				GCC_C_LANGUAGE_STANDARD = gnu11;
				GCC_NO_COMMON_BLOCKS = YES;
				GCC_WARN_64_TO_32_BIT_CONVERSION = YES;
				GCC_WARN_ABOUT_RETURN_TYPE = YES_ERROR;
				GCC_WARN_UNDECLARED_SELECTOR = YES;
				GCC_WARN_UNINITIALIZED_AUTOS = YES_AGGRESSIVE;
				GCC_WARN_UNUSED_FUNCTION = YES;
				GCC_WARN_UNUSED_VARIABLE = YES;
				IPHONEOS_DEPLOYMENT_TARGET = 13.2;
				MTL_ENABLE_DEBUG_INFO = NO;
				MTL_FAST_MATH = YES;
				SDKROOT = iphoneos;
				SWIFT_COMPILATION_MODE = wholemodule;
				SWIFT_OPTIMIZATION_LEVEL = "-O";
				VALIDATE_PRODUCT = YES;
			};
			name = Release;
		};
		FCA8B2DD24F75AF8003E0D95 /* Debug */ = {
			isa = XCBuildConfiguration;
			buildSettings = {
				ASSETCATALOG_COMPILER_APPICON_NAME = AppIcon;
				CODE_SIGN_STYLE = Automatic;
				INFOPLIST_FILE = swipePgCtrlFlower/Info.plist;
				LD_RUNPATH_SEARCH_PATHS = (
					"$(inherited)",
					"@executable_path/Frameworks",
				);
				PRODUCT_BUNDLE_IDENTIFIER = com.tj.swipePgCtrlFlower;
				PRODUCT_NAME = "$(TARGET_NAME)";
				SWIFT_VERSION = 5.0;
				TARGETED_DEVICE_FAMILY = "1,2";
			};
			name = Debug;
		};
		FCA8B2DE24F75AF8003E0D95 /* Release */ = {
			isa = XCBuildConfiguration;
			buildSettings = {
				ASSETCATALOG_COMPILER_APPICON_NAME = AppIcon;
				CODE_SIGN_STYLE = Automatic;
				INFOPLIST_FILE = swipePgCtrlFlower/Info.plist;
				LD_RUNPATH_SEARCH_PATHS = (
					"$(inherited)",
					"@executable_path/Frameworks",
				);
				PRODUCT_BUNDLE_IDENTIFIER = com.tj.swipePgCtrlFlower;
				PRODUCT_NAME = "$(TARGET_NAME)";
				SWIFT_VERSION = 5.0;
				TARGETED_DEVICE_FAMILY = "1,2";
			};
			name = Release;
		};
/* End XCBuildConfiguration section */

/* Begin XCConfigurationList section */
		FCA8B2C024F75AF6003E0D95 /* Build configuration list for PBXProject "swipePgCtrlFlower" */ = {
			isa = XCConfigurationList;
			buildConfigurations = (
				FCA8B2DA24F75AF8003E0D95 /* Debug */,
				FCA8B2DB24F75AF8003E0D95 /* Release */,
			);
			defaultConfigurationIsVisible = 0;
			defaultConfigurationName = Release;
		};
		FCA8B2DC24F75AF8003E0D95 /* Build configuration list for PBXNativeTarget "swipePgCtrlFlower" */ = {
			isa = XCConfigurationList;
			buildConfigurations = (
				FCA8B2DD24F75AF8003E0D95 /* Debug */,
				FCA8B2DE24F75AF8003E0D95 /* Release */,
			);
			defaultConfigurationIsVisible = 0;
			defaultConfigurationName = Release;
		};
/* End XCConfigurationList section */

/* Begin XCVersionGroup section */
		FCA8B2D124F75AF6003E0D95 /* swipePgCtrlFlower.xcdatamodeld */ = {
			isa = XCVersionGroup;
			children = (
				FCA8B2D224F75AF6003E0D95 /* swipePgCtrlFlower.xcdatamodel */,
			);
			currentVersion = FCA8B2D224F75AF6003E0D95 /* swipePgCtrlFlower.xcdatamodel */;
			path = swipePgCtrlFlower.xcdatamodeld;
			sourceTree = "<group>";
			versionGroupType = wrapper.xcdatamodel;
		};
/* End XCVersionGroup section */
	};
	rootObject = FCA8B2BD24F75AF6003E0D95 /* Project object */;
}
